// !$*UTF8*$!
{
	archiveVersion = 1;
	classes = {
	};
	objectVersion = 51;
	objects = {

/* Begin PBXBuildFile section */
		29775D21CA51DBB63BC25491 /* Pods_Rogalo.framework in Frameworks */ = {isa = PBXBuildFile; fileRef = 144E9CDB07CAEC5B095BE877 /* Pods_Rogalo.framework */; };
		C1036CDD25EBDEC0003A358B /* DeviceState.swift in Sources */ = {isa = PBXBuildFile; fileRef = C1036CDC25EBDEC0003A358B /* DeviceState.swift */; };
		C1036CE025EBE575003A358B /* ViewWithBackgroundStyle.swift in Sources */ = {isa = PBXBuildFile; fileRef = C1036CDF25EBE575003A358B /* ViewWithBackgroundStyle.swift */; };
		C1036CE325EBE682003A358B /* SettingsView.swift in Sources */ = {isa = PBXBuildFile; fileRef = C1036CE225EBE682003A358B /* SettingsView.swift */; };
		C1036CE625EBE8C8003A358B /* SettingsViewModel.swift in Sources */ = {isa = PBXBuildFile; fileRef = C1036CE525EBE8C8003A358B /* SettingsViewModel.swift */; };
		C1036CEA25EBEF59003A358B /* Constants.swift in Sources */ = {isa = PBXBuildFile; fileRef = C1036CE925EBEF59003A358B /* Constants.swift */; };
		C1036CF125EBFAFE003A358B /* PeripheralListViewModel.swift in Sources */ = {isa = PBXBuildFile; fileRef = C1036CF025EBFAFE003A358B /* PeripheralListViewModel.swift */; };
		C1102B67260FBAA500008F82 /* CLLocationCoordinate2D+Equatable.swift in Sources */ = {isa = PBXBuildFile; fileRef = C1102B66260FBAA500008F82 /* CLLocationCoordinate2D+Equatable.swift */; };
		C110F7C72625ADB900AEF267 /* MapTypePickerView.swift in Sources */ = {isa = PBXBuildFile; fileRef = C110F7C62625ADB900AEF267 /* MapTypePickerView.swift */; };
		C112C726257D774B00B1F8A9 /* EngineCharacteristics.swift in Sources */ = {isa = PBXBuildFile; fileRef = C112C725257D774B00B1F8A9 /* EngineCharacteristics.swift */; };
		C112C72A257D7B0100B1F8A9 /* ValuesView.swift in Sources */ = {isa = PBXBuildFile; fileRef = C112C729257D7B0100B1F8A9 /* ValuesView.swift */; };
		C112C72F257D7B2000B1F8A9 /* ValuesStore.swift in Sources */ = {isa = PBXBuildFile; fileRef = C112C72E257D7B2000B1F8A9 /* ValuesStore.swift */; };
		C112C733257D7D9200B1F8A9 /* ValuesTab.swift in Sources */ = {isa = PBXBuildFile; fileRef = C112C732257D7D9200B1F8A9 /* ValuesTab.swift */; };
		C133B2F625EA91A200F070C1 /* ValueView.swift in Sources */ = {isa = PBXBuildFile; fileRef = C133B2F525EA91A200F070C1 /* ValueView.swift */; };
		C133B2FA25EA91C500F070C1 /* ValueStore.swift in Sources */ = {isa = PBXBuildFile; fileRef = C133B2F925EA91C500F070C1 /* ValueStore.swift */; };
		C13FFE422603E6D000D91BF7 /* ExhaustCritical-600.m4a in Resources */ = {isa = PBXBuildFile; fileRef = C13FFE412603E6D000D91BF7 /* ExhaustCritical-600.m4a */; };
		C13FFE452603E72D00D91BF7 /* ExhaustSignificantValues.swift in Sources */ = {isa = PBXBuildFile; fileRef = C13FFE442603E72D00D91BF7 /* ExhaustSignificantValues.swift */; };
		C13FFE492603E8EF00D91BF7 /* Resource.swift in Sources */ = {isa = PBXBuildFile; fileRef = C13FFE482603E8EF00D91BF7 /* Resource.swift */; };
		C149F1C525EA455700F55965 /* NotificationManaging.swift in Sources */ = {isa = PBXBuildFile; fileRef = C149F1C425EA455700F55965 /* NotificationManaging.swift */; };
		C149F1C925EA456E00F55965 /* NotificationManager.swift in Sources */ = {isa = PBXBuildFile; fileRef = C149F1C825EA456E00F55965 /* NotificationManager.swift */; };
		C149F1CC25EA472800F55965 /* TemperatureSignificantValues.swift in Sources */ = {isa = PBXBuildFile; fileRef = C149F1CB25EA472800F55965 /* TemperatureSignificantValues.swift */; };
		C149F1D225EA4EF200F55965 /* TemperatureCritical-190.m4a in Resources */ = {isa = PBXBuildFile; fileRef = C149F1CF25EA4EF200F55965 /* TemperatureCritical-190.m4a */; };
		C149F1D325EA4EF200F55965 /* TemperatureHighRist-185.m4a in Resources */ = {isa = PBXBuildFile; fileRef = C149F1D025EA4EF200F55965 /* TemperatureHighRist-185.m4a */; };
		C149F1D425EA4EF200F55965 /* TemperatureRisk-180.m4a in Resources */ = {isa = PBXBuildFile; fileRef = C149F1D125EA4EF200F55965 /* TemperatureRisk-180.m4a */; };
		C149F1D825EA51F900F55965 /* NotificationEvent.swift in Sources */ = {isa = PBXBuildFile; fileRef = C149F1D725EA51F900F55965 /* NotificationEvent.swift */; };
		C149F1DB25EA531E00F55965 /* NotificationAuthorizationStatus.swift in Sources */ = {isa = PBXBuildFile; fileRef = C149F1DA25EA531E00F55965 /* NotificationAuthorizationStatus.swift */; };
		C149F1E325EA627A00F55965 /* RecordsTab.swift in Sources */ = {isa = PBXBuildFile; fileRef = C149F1E225EA627A00F55965 /* RecordsTab.swift */; };
		C149F1E725EA628900F55965 /* RecordsView.swift in Sources */ = {isa = PBXBuildFile; fileRef = C149F1E625EA628900F55965 /* RecordsView.swift */; };
		C149F1EA25EA62C100F55965 /* RecordsCoordinator.swift in Sources */ = {isa = PBXBuildFile; fileRef = C149F1E925EA62C100F55965 /* RecordsCoordinator.swift */; };
		C149F1ED25EA62D400F55965 /* RecordsCoordinatorEventHandling.swift in Sources */ = {isa = PBXBuildFile; fileRef = C149F1EC25EA62D400F55965 /* RecordsCoordinatorEventHandling.swift */; };
		C149F1F025EA637200F55965 /* RecordsStoring.swift in Sources */ = {isa = PBXBuildFile; fileRef = C149F1EF25EA637200F55965 /* RecordsStoring.swift */; };
		C149F1F425EA637D00F55965 /* RecordsStore.swift in Sources */ = {isa = PBXBuildFile; fileRef = C149F1F325EA637D00F55965 /* RecordsStore.swift */; };
		C149F1F725EA66F700F55965 /* MockRecordsStore.swift in Sources */ = {isa = PBXBuildFile; fileRef = C149F1F625EA66F700F55965 /* MockRecordsStore.swift */; };
		C155E191257D4C3E00A845B9 /* Peripheral.swift in Sources */ = {isa = PBXBuildFile; fileRef = C155E190257D4C3E00A845B9 /* Peripheral.swift */; };
		C155E195257D4FD600A845B9 /* PairingStoreState.swift in Sources */ = {isa = PBXBuildFile; fileRef = C155E194257D4FD600A845B9 /* PairingStoreState.swift */; };
		C155E199257D515300A845B9 /* AppDependency.swift in Sources */ = {isa = PBXBuildFile; fileRef = C155E198257D515300A845B9 /* AppDependency.swift */; };
		C155E19D257D730200A845B9 /* Device.swift in Sources */ = {isa = PBXBuildFile; fileRef = C155E19C257D730200A845B9 /* Device.swift */; };
		C155E1A1257D733E00A845B9 /* Array+Safe.swift in Sources */ = {isa = PBXBuildFile; fileRef = C155E1A0257D733E00A845B9 /* Array+Safe.swift */; };
		C16D9E3425EA979C009F3ADE /* ValueStoring.swift in Sources */ = {isa = PBXBuildFile; fileRef = C16D9E3325EA979C009F3ADE /* ValueStoring.swift */; };
		C16D9E3C25EA9CC9009F3ADE /* StatusView.swift in Sources */ = {isa = PBXBuildFile; fileRef = C16D9E3B25EA9CC9009F3ADE /* StatusView.swift */; };
		C16D9E3F25EAA1B6009F3ADE /* DeviceValue.swift in Sources */ = {isa = PBXBuildFile; fileRef = C16D9E3E25EAA1B6009F3ADE /* DeviceValue.swift */; };
		C16D9E4325EAA488009F3ADE /* Formatters.swift in Sources */ = {isa = PBXBuildFile; fileRef = C16D9E4225EAA488009F3ADE /* Formatters.swift */; };
		C16D9E4625EABEA3009F3ADE /* ValueGradientView.swift in Sources */ = {isa = PBXBuildFile; fileRef = C16D9E4525EABEA3009F3ADE /* ValueGradientView.swift */; };
		C16D9E4A25EAC016009F3ADE /* Triangle.swift in Sources */ = {isa = PBXBuildFile; fileRef = C16D9E4925EAC016009F3ADE /* Triangle.swift */; };
		C16D9E4E25EAC373009F3ADE /* ValueScale.swift in Sources */ = {isa = PBXBuildFile; fileRef = C16D9E4D25EAC373009F3ADE /* ValueScale.swift */; };
		C16D9E5C25EBA9B7009F3ADE /* R.generated.swift in Sources */ = {isa = PBXBuildFile; fileRef = C16D9E5B25EBA9B7009F3ADE /* R.generated.swift */; };
		C16D9E6325EBABBF009F3ADE /* DeviceValueRange.swift in Sources */ = {isa = PBXBuildFile; fileRef = C16D9E6225EBABBF009F3ADE /* DeviceValueRange.swift */; };
		C16D9E6A25EBB1E2009F3ADE /* Localizable.strings in Resources */ = {isa = PBXBuildFile; fileRef = C16D9E6C25EBB1E2009F3ADE /* Localizable.strings */; };
		C16D9E7125EBB2E2009F3ADE /* LocalizedString.swift in Sources */ = {isa = PBXBuildFile; fileRef = C16D9E7025EBB2E2009F3ADE /* LocalizedString.swift */; };
		C16D9E7525EBC8DA009F3ADE /* Color+AppColors.swift in Sources */ = {isa = PBXBuildFile; fileRef = C16D9E7425EBC8DA009F3ADE /* Color+AppColors.swift */; };
		C16D9E7825EBC963009F3ADE /* Rswift+Resources.swift in Sources */ = {isa = PBXBuildFile; fileRef = C16D9E7725EBC963009F3ADE /* Rswift+Resources.swift */; };
		C17F059D2607A835000E9917 /* LocationManging.swift in Sources */ = {isa = PBXBuildFile; fileRef = C17F059C2607A835000E9917 /* LocationManging.swift */; };
		C17F05A02607A841000E9917 /* LocationManager.swift in Sources */ = {isa = PBXBuildFile; fileRef = C17F059F2607A841000E9917 /* LocationManager.swift */; };
		C17F05A32607A885000E9917 /* Location.swift in Sources */ = {isa = PBXBuildFile; fileRef = C17F05A22607A885000E9917 /* Location.swift */; };
		C17F05A92607ABAD000E9917 /* MapStoring.swift in Sources */ = {isa = PBXBuildFile; fileRef = C17F05A82607ABAD000E9917 /* MapStoring.swift */; };
		C17F05AD2607ABB6000E9917 /* MapStore.swift in Sources */ = {isa = PBXBuildFile; fileRef = C17F05AC2607ABB6000E9917 /* MapStore.swift */; };
		C17F05B12607ABD2000E9917 /* MapCoordinator.swift in Sources */ = {isa = PBXBuildFile; fileRef = C17F05B02607ABD2000E9917 /* MapCoordinator.swift */; };
		C17F05B42607ABDC000E9917 /* MapCoordinatorEvent.swift in Sources */ = {isa = PBXBuildFile; fileRef = C17F05B32607ABDC000E9917 /* MapCoordinatorEvent.swift */; };
		C17F05B72607AC61000E9917 /* MapTab.swift in Sources */ = {isa = PBXBuildFile; fileRef = C17F05B62607AC61000E9917 /* MapTab.swift */; };
		C17F05BA2607ACD0000E9917 /* MockMapStore.swift in Sources */ = {isa = PBXBuildFile; fileRef = C17F05B92607ACD0000E9917 /* MockMapStore.swift */; };
		C17F05BD2607AD79000E9917 /* MapView.swift in Sources */ = {isa = PBXBuildFile; fileRef = C17F05BC2607AD79000E9917 /* MapView.swift */; };
		C17F05C02607B26C000E9917 /* LocationAuthorization.swift in Sources */ = {isa = PBXBuildFile; fileRef = C17F05BF2607B26C000E9917 /* LocationAuthorization.swift */; };
		C17F05C42607B853000E9917 /* MapRenderingView.swift in Sources */ = {isa = PBXBuildFile; fileRef = C17F05C32607B853000E9917 /* MapRenderingView.swift */; };
		C17F05C82607B9F1000E9917 /* Value.swift in Sources */ = {isa = PBXBuildFile; fileRef = C17F05C72607B9F1000E9917 /* Value.swift */; };
		C17F05D02607BBCF000E9917 /* DeviceValueStore.swift in Sources */ = {isa = PBXBuildFile; fileRef = C17F05CF2607BBCF000E9917 /* DeviceValueStore.swift */; };
		C17F05D42607BE2E000E9917 /* DeviceValueStoring.swift in Sources */ = {isa = PBXBuildFile; fileRef = C17F05D32607BE2E000E9917 /* DeviceValueStoring.swift */; };
		C17F05D82607C045000E9917 /* MapValue.swift in Sources */ = {isa = PBXBuildFile; fileRef = C17F05D72607C045000E9917 /* MapValue.swift */; };
		C17F2DC7260F689000EE243C /* MapDestinationView.swift in Sources */ = {isa = PBXBuildFile; fileRef = C17F2DC6260F689000EE243C /* MapDestinationView.swift */; };
		C182EAEA25F53E54009B2321 /* SettingsPairedDeviceFooterView.swift in Sources */ = {isa = PBXBuildFile; fileRef = C182EAE925F53E54009B2321 /* SettingsPairedDeviceFooterView.swift */; };
		C182EAED25F53FC1009B2321 /* SettingsAlertHeader.swift in Sources */ = {isa = PBXBuildFile; fileRef = C182EAEC25F53FC1009B2321 /* SettingsAlertHeader.swift */; };
		C182EAF025F5455D009B2321 /* SettingsViewStoring.swift in Sources */ = {isa = PBXBuildFile; fileRef = C182EAEF25F5455D009B2321 /* SettingsViewStoring.swift */; };
		C182EAF325F54587009B2321 /* SettingsViewStore.swift in Sources */ = {isa = PBXBuildFile; fileRef = C182EAF225F54587009B2321 /* SettingsViewStore.swift */; };
		C182EAFA25F547A3009B2321 /* MockSettingsViewStore.swift in Sources */ = {isa = PBXBuildFile; fileRef = C182EAF925F547A3009B2321 /* MockSettingsViewStore.swift */; };
		C182EAFE25F5495D009B2321 /* SettingsServicing.swift in Sources */ = {isa = PBXBuildFile; fileRef = C182EAFD25F5495D009B2321 /* SettingsServicing.swift */; };
		C182EB0125F54967009B2321 /* SettingsService.swift in Sources */ = {isa = PBXBuildFile; fileRef = C182EB0025F54967009B2321 /* SettingsService.swift */; };
		C1A4AC2325EBCAAF00290AE2 /* AppText.swift in Sources */ = {isa = PBXBuildFile; fileRef = C1A4AC2225EBCAAF00290AE2 /* AppText.swift */; };
		C1A4AC2625EBCBB200290AE2 /* AppTextStyle.swift in Sources */ = {isa = PBXBuildFile; fileRef = C1A4AC2525EBCBB200290AE2 /* AppTextStyle.swift */; };
		C1A4AC2925EBCC7700290AE2 /* Text+AppStyles.swift in Sources */ = {isa = PBXBuildFile; fileRef = C1A4AC2825EBCC7700290AE2 /* Text+AppStyles.swift */; };
		C1A4AC2D25EBCD8400290AE2 /* TextualStyle.swift in Sources */ = {isa = PBXBuildFile; fileRef = C1A4AC2C25EBCD8400290AE2 /* TextualStyle.swift */; };
		C1A4AC3225EBCE0200290AE2 /* AppButtonStyle.swift in Sources */ = {isa = PBXBuildFile; fileRef = C1A4AC3125EBCE0100290AE2 /* AppButtonStyle.swift */; };
		C1A4AC3625EBCE6300290AE2 /* Button+AppStyles.swift in Sources */ = {isa = PBXBuildFile; fileRef = C1A4AC3525EBCE6300290AE2 /* Button+AppStyles.swift */; };
		C1A4AC3925EBCECA00290AE2 /* AppButton.swift in Sources */ = {isa = PBXBuildFile; fileRef = C1A4AC3825EBCECA00290AE2 /* AppButton.swift */; };
		C1B25D83257D4087006E808C /* AppDelegate.swift in Sources */ = {isa = PBXBuildFile; fileRef = C1B25D82257D4087006E808C /* AppDelegate.swift */; };
		C1B25D85257D4087006E808C /* SceneDelegate.swift in Sources */ = {isa = PBXBuildFile; fileRef = C1B25D84257D4087006E808C /* SceneDelegate.swift */; };
		C1B25D87257D4087006E808C /* PeripheralListView.swift in Sources */ = {isa = PBXBuildFile; fileRef = C1B25D86257D4087006E808C /* PeripheralListView.swift */; };
		C1B25D89257D4095006E808C /* Assets.xcassets in Resources */ = {isa = PBXBuildFile; fileRef = C1B25D88257D4095006E808C /* Assets.xcassets */; };
		C1B25D8F257D4095006E808C /* LaunchScreen.storyboard in Resources */ = {isa = PBXBuildFile; fileRef = C1B25D8D257D4095006E808C /* LaunchScreen.storyboard */; };
		C1B25DA1257D426A006E808C /* PairingStore.swift in Sources */ = {isa = PBXBuildFile; fileRef = C1B25DA0257D426A006E808C /* PairingStore.swift */; };
		C1B25DAA257D437C006E808C /* ContentView.swift in Sources */ = {isa = PBXBuildFile; fileRef = C1B25DA9257D437C006E808C /* ContentView.swift */; };
		C1B25DAF257D43F9006E808C /* SettingsTab.swift in Sources */ = {isa = PBXBuildFile; fileRef = C1B25DAE257D43F9006E808C /* SettingsTab.swift */; };
		C1B25DB3257D48A2006E808C /* BluetoothManager.swift in Sources */ = {isa = PBXBuildFile; fileRef = C1B25DB2257D48A2006E808C /* BluetoothManager.swift */; };
		C1B25DB8257D48BF006E808C /* BluetoothManaging.swift in Sources */ = {isa = PBXBuildFile; fileRef = C1B25DB7257D48BF006E808C /* BluetoothManaging.swift */; };
		C1C6822E260F3B77006E5296 /* ZoomSliderView.swift in Sources */ = {isa = PBXBuildFile; fileRef = C1C6822D260F3B77006E5296 /* ZoomSliderView.swift */; };
		C1C68231260F3E3C006E5296 /* MapControlsView.swift in Sources */ = {isa = PBXBuildFile; fileRef = C1C68230260F3E3C006E5296 /* MapControlsView.swift */; };
		C1C68237260F632E006E5296 /* Coordinate.swift in Sources */ = {isa = PBXBuildFile; fileRef = C1C68236260F632E006E5296 /* Coordinate.swift */; };
		C1C6823B260F66A7006E5296 /* MKOverlay+Custom.swift in Sources */ = {isa = PBXBuildFile; fileRef = C1C6823A260F66A7006E5296 /* MKOverlay+Custom.swift */; };
		C1CA846D25F56FF400D16A23 /* Battery.swift in Sources */ = {isa = PBXBuildFile; fileRef = C1CA846C25F56FF400D16A23 /* Battery.swift */; };
		C1CA847125F57C5E00D16A23 /* Order.swift in Sources */ = {isa = PBXBuildFile; fileRef = C1CA847025F57C5E00D16A23 /* Order.swift */; };
		C1CAE7252586394700CB60E7 /* SceneCoordinator.swift in Sources */ = {isa = PBXBuildFile; fileRef = C1CAE7242586394700CB60E7 /* SceneCoordinator.swift */; };
		C1CAE7292586397100CB60E7 /* SceneCoordinating.swift in Sources */ = {isa = PBXBuildFile; fileRef = C1CAE7282586397100CB60E7 /* SceneCoordinating.swift */; };
		C1CAE72C25863AAC00CB60E7 /* AppCoordinating.swift in Sources */ = {isa = PBXBuildFile; fileRef = C1CAE72B25863AAC00CB60E7 /* AppCoordinating.swift */; };
		C1CAE73125863AD800CB60E7 /* AppCoordinator.swift in Sources */ = {isa = PBXBuildFile; fileRef = C1CAE73025863AD800CB60E7 /* AppCoordinator.swift */; };
		C1CAE73525863B1D00CB60E7 /* AppCoordinatorContaining.swift in Sources */ = {isa = PBXBuildFile; fileRef = C1CAE73425863B1D00CB60E7 /* AppCoordinatorContaining.swift */; };
		C1CAE73A25863BCB00CB60E7 /* Coordinator.swift in Sources */ = {isa = PBXBuildFile; fileRef = C1CAE73925863BCB00CB60E7 /* Coordinator.swift */; };
		C1CAE73E25863CFA00CB60E7 /* DependencyContainer.swift in Sources */ = {isa = PBXBuildFile; fileRef = C1CAE73D25863CFA00CB60E7 /* DependencyContainer.swift */; };
		C1CAE74225863ED000CB60E7 /* ActiveSceneSession.swift in Sources */ = {isa = PBXBuildFile; fileRef = C1CAE74125863ED000CB60E7 /* ActiveSceneSession.swift */; };
		C1CAE7472586422E00CB60E7 /* ContentCoordinator.swift in Sources */ = {isa = PBXBuildFile; fileRef = C1CAE7462586422E00CB60E7 /* ContentCoordinator.swift */; };
		C1CAE74B2586424800CB60E7 /* PairingCoordinator.swift in Sources */ = {isa = PBXBuildFile; fileRef = C1CAE74A2586424800CB60E7 /* PairingCoordinator.swift */; };
		C1CAE74F258643AD00CB60E7 /* ViewCoordinator.swift in Sources */ = {isa = PBXBuildFile; fileRef = C1CAE74E258643AD00CB60E7 /* ViewCoordinator.swift */; };
		C1CAE7522586440700CB60E7 /* ParentCoordinatorContaining.swift in Sources */ = {isa = PBXBuildFile; fileRef = C1CAE7512586440700CB60E7 /* ParentCoordinatorContaining.swift */; };
		C1CAE755258644FD00CB60E7 /* PairingCoordinatorEventHandling.swift in Sources */ = {isa = PBXBuildFile; fileRef = C1CAE754258644FD00CB60E7 /* PairingCoordinatorEventHandling.swift */; };
		C1CAE75A2586461300CB60E7 /* PairingNavigationView.swift in Sources */ = {isa = PBXBuildFile; fileRef = C1CAE7592586461300CB60E7 /* PairingNavigationView.swift */; };
		C1CAE75E2586478800CB60E7 /* MockPairingStore.swift in Sources */ = {isa = PBXBuildFile; fileRef = C1CAE75D2586478800CB60E7 /* MockPairingStore.swift */; };
		C1CAE761258647B300CB60E7 /* PairingStoring.swift in Sources */ = {isa = PBXBuildFile; fileRef = C1CAE760258647B300CB60E7 /* PairingStoring.swift */; };
		C1CAE76525864B4600CB60E7 /* Storage.swift in Sources */ = {isa = PBXBuildFile; fileRef = C1CAE76425864B4600CB60E7 /* Storage.swift */; };
		C1CAE76825864B5A00CB60E7 /* AppStorage.swift in Sources */ = {isa = PBXBuildFile; fileRef = C1CAE76725864B5A00CB60E7 /* AppStorage.swift */; };
		C1CAE76B2586534C00CB60E7 /* ContentCoordinatorEventHandling.swift in Sources */ = {isa = PBXBuildFile; fileRef = C1CAE76A2586534C00CB60E7 /* ContentCoordinatorEventHandling.swift */; };
		C1CAE76F258653B200CB60E7 /* ContentStore.swift in Sources */ = {isa = PBXBuildFile; fileRef = C1CAE76E258653B200CB60E7 /* ContentStore.swift */; };
		C1CAE772258653C800CB60E7 /* ContentStoring.swift in Sources */ = {isa = PBXBuildFile; fileRef = C1CAE771258653C800CB60E7 /* ContentStoring.swift */; };
		C1CAE775258653FD00CB60E7 /* MockContentStore.swift in Sources */ = {isa = PBXBuildFile; fileRef = C1CAE774258653FD00CB60E7 /* MockContentStore.swift */; };
		C1CAE778258654F300CB60E7 /* ValuesStoring.swift in Sources */ = {isa = PBXBuildFile; fileRef = C1CAE777258654F300CB60E7 /* ValuesStoring.swift */; };
		C1CAE77C2586562B00CB60E7 /* SettingsStoring.swift in Sources */ = {isa = PBXBuildFile; fileRef = C1CAE77B2586562B00CB60E7 /* SettingsStoring.swift */; };
		C1CAE77F2586564A00CB60E7 /* SettingsStore.swift in Sources */ = {isa = PBXBuildFile; fileRef = C1CAE77E2586564A00CB60E7 /* SettingsStore.swift */; };
		C1CAE7822586565E00CB60E7 /* MockSettingsStore.swift in Sources */ = {isa = PBXBuildFile; fileRef = C1CAE7812586565E00CB60E7 /* MockSettingsStore.swift */; };
		C1CAE7852586567D00CB60E7 /* MockValuesStore.swift in Sources */ = {isa = PBXBuildFile; fileRef = C1CAE7842586567D00CB60E7 /* MockValuesStore.swift */; };
		C1CAE78E2586634700CB60E7 /* DeviceManaging.swift in Sources */ = {isa = PBXBuildFile; fileRef = C1CAE78D2586634700CB60E7 /* DeviceManaging.swift */; };
		C1CAE7922586636300CB60E7 /* DeviceManager.swift in Sources */ = {isa = PBXBuildFile; fileRef = C1CAE7912586636300CB60E7 /* DeviceManager.swift */; };
		C1E617532607E6B20043934A /* StatusViewEvent.swift in Sources */ = {isa = PBXBuildFile; fileRef = C1E617522607E6B20043934A /* StatusViewEvent.swift */; };
		C1E617582607E8B50043934A /* StatusViewModel.swift in Sources */ = {isa = PBXBuildFile; fileRef = C1E617572607E8B50043934A /* StatusViewModel.swift */; };
		C1E6175B2607E9C10043934A /* DeviceState+StatusViewModel.swift in Sources */ = {isa = PBXBuildFile; fileRef = C1E6175A2607E9C10043934A /* DeviceState+StatusViewModel.swift */; };
		C1E6175E2607EA850043934A /* NotificationAuthorizationStatus+StatusViewModel.swift in Sources */ = {isa = PBXBuildFile; fileRef = C1E6175D2607EA840043934A /* NotificationAuthorizationStatus+StatusViewModel.swift */; };
		C1E617622607EB290043934A /* LocationAuthorization+StatusViewModel.swift in Sources */ = {isa = PBXBuildFile; fileRef = C1E617612607EB290043934A /* LocationAuthorization+StatusViewModel.swift */; };
		C1E617652607EF9F0043934A /* MapTabEventHandling.swift in Sources */ = {isa = PBXBuildFile; fileRef = C1E617642607EF9F0043934A /* MapTabEventHandling.swift */; };
		C1E617682607F52D0043934A /* UIKitMapView.swift in Sources */ = {isa = PBXBuildFile; fileRef = C1E617672607F52D0043934A /* UIKitMapView.swift */; };
		C1E61783260A42EA0043934A /* MapRenderingCoordinator.swift in Sources */ = {isa = PBXBuildFile; fileRef = C1E61782260A42EA0043934A /* MapRenderingCoordinator.swift */; };
		C1F36C66258677BE002930B2 /* PairingNavigationViewEventHandling.swift in Sources */ = {isa = PBXBuildFile; fileRef = C1F36C65258677BE002930B2 /* PairingNavigationViewEventHandling.swift */; };
		C1F36C6A25867BA2002930B2 /* AppError.swift in Sources */ = {isa = PBXBuildFile; fileRef = C1F36C6925867BA2002930B2 /* AppError.swift */; };
		C1F36C6D258696F6002930B2 /* SettingsTabEventHandling.swift in Sources */ = {isa = PBXBuildFile; fileRef = C1F36C6C258696F6002930B2 /* SettingsTabEventHandling.swift */; };
		C1F36C7125869986002930B2 /* SettingsCoordinator.swift in Sources */ = {isa = PBXBuildFile; fileRef = C1F36C7025869986002930B2 /* SettingsCoordinator.swift */; };
		C1F36C742586999C002930B2 /* SettingsCoordinatorEventHandling.swift in Sources */ = {isa = PBXBuildFile; fileRef = C1F36C732586999C002930B2 /* SettingsCoordinatorEventHandling.swift */; };
		C1F36C782586A1FA002930B2 /* ValuesCoordinator.swift in Sources */ = {isa = PBXBuildFile; fileRef = C1F36C772586A1FA002930B2 /* ValuesCoordinator.swift */; };
		C1F36C7D2586A2BF002930B2 /* ValuesCoordinatorEventHandling.swift in Sources */ = {isa = PBXBuildFile; fileRef = C1F36C7C2586A2BF002930B2 /* ValuesCoordinatorEventHandling.swift */; };
/* End PBXBuildFile section */

/* Begin PBXFileReference section */
		144E9CDB07CAEC5B095BE877 /* Pods_Rogalo.framework */ = {isa = PBXFileReference; explicitFileType = wrapper.framework; includeInIndex = 0; path = Pods_Rogalo.framework; sourceTree = BUILT_PRODUCTS_DIR; };
		314A82F4509C07DF597258A0 /* Pods-Rogalo.debug.xcconfig */ = {isa = PBXFileReference; includeInIndex = 1; lastKnownFileType = text.xcconfig; name = "Pods-Rogalo.debug.xcconfig"; path = "Target Support Files/Pods-Rogalo/Pods-Rogalo.debug.xcconfig"; sourceTree = "<group>"; };
		BEE09EE8BCF9541E40B534B2 /* Pods-Rogalo.release.xcconfig */ = {isa = PBXFileReference; includeInIndex = 1; lastKnownFileType = text.xcconfig; name = "Pods-Rogalo.release.xcconfig"; path = "Target Support Files/Pods-Rogalo/Pods-Rogalo.release.xcconfig"; sourceTree = "<group>"; };
		C1036CDC25EBDEC0003A358B /* DeviceState.swift */ = {isa = PBXFileReference; lastKnownFileType = sourcecode.swift; path = DeviceState.swift; sourceTree = "<group>"; };
		C1036CDF25EBE575003A358B /* ViewWithBackgroundStyle.swift */ = {isa = PBXFileReference; lastKnownFileType = sourcecode.swift; path = ViewWithBackgroundStyle.swift; sourceTree = "<group>"; };
		C1036CE225EBE682003A358B /* SettingsView.swift */ = {isa = PBXFileReference; lastKnownFileType = sourcecode.swift; path = SettingsView.swift; sourceTree = "<group>"; };
		C1036CE525EBE8C8003A358B /* SettingsViewModel.swift */ = {isa = PBXFileReference; lastKnownFileType = sourcecode.swift; path = SettingsViewModel.swift; sourceTree = "<group>"; };
		C1036CE925EBEF59003A358B /* Constants.swift */ = {isa = PBXFileReference; lastKnownFileType = sourcecode.swift; path = Constants.swift; sourceTree = "<group>"; };
		C1036CF025EBFAFE003A358B /* PeripheralListViewModel.swift */ = {isa = PBXFileReference; lastKnownFileType = sourcecode.swift; path = PeripheralListViewModel.swift; sourceTree = "<group>"; };
		C1102B66260FBAA500008F82 /* CLLocationCoordinate2D+Equatable.swift */ = {isa = PBXFileReference; lastKnownFileType = sourcecode.swift; path = "CLLocationCoordinate2D+Equatable.swift"; sourceTree = "<group>"; };
		C110F7C62625ADB900AEF267 /* MapTypePickerView.swift */ = {isa = PBXFileReference; lastKnownFileType = sourcecode.swift; path = MapTypePickerView.swift; sourceTree = "<group>"; };
		C112C725257D774B00B1F8A9 /* EngineCharacteristics.swift */ = {isa = PBXFileReference; lastKnownFileType = sourcecode.swift; path = EngineCharacteristics.swift; sourceTree = "<group>"; };
		C112C729257D7B0100B1F8A9 /* ValuesView.swift */ = {isa = PBXFileReference; lastKnownFileType = sourcecode.swift; path = ValuesView.swift; sourceTree = "<group>"; };
		C112C72E257D7B2000B1F8A9 /* ValuesStore.swift */ = {isa = PBXFileReference; lastKnownFileType = sourcecode.swift; path = ValuesStore.swift; sourceTree = "<group>"; };
		C112C732257D7D9200B1F8A9 /* ValuesTab.swift */ = {isa = PBXFileReference; lastKnownFileType = sourcecode.swift; path = ValuesTab.swift; sourceTree = "<group>"; };
		C133B2F525EA91A200F070C1 /* ValueView.swift */ = {isa = PBXFileReference; lastKnownFileType = sourcecode.swift; path = ValueView.swift; sourceTree = "<group>"; };
		C133B2F925EA91C500F070C1 /* ValueStore.swift */ = {isa = PBXFileReference; lastKnownFileType = sourcecode.swift; path = ValueStore.swift; sourceTree = "<group>"; };
		C13FFE412603E6D000D91BF7 /* ExhaustCritical-600.m4a */ = {isa = PBXFileReference; lastKnownFileType = file; path = "ExhaustCritical-600.m4a"; sourceTree = "<group>"; };
		C13FFE442603E72D00D91BF7 /* ExhaustSignificantValues.swift */ = {isa = PBXFileReference; lastKnownFileType = sourcecode.swift; path = ExhaustSignificantValues.swift; sourceTree = "<group>"; };
		C13FFE482603E8EF00D91BF7 /* Resource.swift */ = {isa = PBXFileReference; lastKnownFileType = sourcecode.swift; path = Resource.swift; sourceTree = "<group>"; };
		C149F1C425EA455700F55965 /* NotificationManaging.swift */ = {isa = PBXFileReference; lastKnownFileType = sourcecode.swift; path = NotificationManaging.swift; sourceTree = "<group>"; };
		C149F1C825EA456E00F55965 /* NotificationManager.swift */ = {isa = PBXFileReference; lastKnownFileType = sourcecode.swift; path = NotificationManager.swift; sourceTree = "<group>"; };
		C149F1CB25EA472800F55965 /* TemperatureSignificantValues.swift */ = {isa = PBXFileReference; lastKnownFileType = sourcecode.swift; path = TemperatureSignificantValues.swift; sourceTree = "<group>"; };
		C149F1CF25EA4EF200F55965 /* TemperatureCritical-190.m4a */ = {isa = PBXFileReference; lastKnownFileType = file; path = "TemperatureCritical-190.m4a"; sourceTree = "<group>"; };
		C149F1D025EA4EF200F55965 /* TemperatureHighRist-185.m4a */ = {isa = PBXFileReference; lastKnownFileType = file; path = "TemperatureHighRist-185.m4a"; sourceTree = "<group>"; };
		C149F1D125EA4EF200F55965 /* TemperatureRisk-180.m4a */ = {isa = PBXFileReference; lastKnownFileType = file; path = "TemperatureRisk-180.m4a"; sourceTree = "<group>"; };
		C149F1D725EA51F900F55965 /* NotificationEvent.swift */ = {isa = PBXFileReference; lastKnownFileType = sourcecode.swift; path = NotificationEvent.swift; sourceTree = "<group>"; };
		C149F1DA25EA531E00F55965 /* NotificationAuthorizationStatus.swift */ = {isa = PBXFileReference; lastKnownFileType = sourcecode.swift; path = NotificationAuthorizationStatus.swift; sourceTree = "<group>"; };
		C149F1E225EA627A00F55965 /* RecordsTab.swift */ = {isa = PBXFileReference; lastKnownFileType = sourcecode.swift; path = RecordsTab.swift; sourceTree = "<group>"; };
		C149F1E625EA628900F55965 /* RecordsView.swift */ = {isa = PBXFileReference; lastKnownFileType = sourcecode.swift; path = RecordsView.swift; sourceTree = "<group>"; };
		C149F1E925EA62C100F55965 /* RecordsCoordinator.swift */ = {isa = PBXFileReference; lastKnownFileType = sourcecode.swift; path = RecordsCoordinator.swift; sourceTree = "<group>"; };
		C149F1EC25EA62D400F55965 /* RecordsCoordinatorEventHandling.swift */ = {isa = PBXFileReference; lastKnownFileType = sourcecode.swift; path = RecordsCoordinatorEventHandling.swift; sourceTree = "<group>"; };
		C149F1EF25EA637200F55965 /* RecordsStoring.swift */ = {isa = PBXFileReference; lastKnownFileType = sourcecode.swift; path = RecordsStoring.swift; sourceTree = "<group>"; };
		C149F1F325EA637D00F55965 /* RecordsStore.swift */ = {isa = PBXFileReference; lastKnownFileType = sourcecode.swift; path = RecordsStore.swift; sourceTree = "<group>"; };
		C149F1F625EA66F700F55965 /* MockRecordsStore.swift */ = {isa = PBXFileReference; lastKnownFileType = sourcecode.swift; path = MockRecordsStore.swift; sourceTree = "<group>"; };
		C155E190257D4C3E00A845B9 /* Peripheral.swift */ = {isa = PBXFileReference; lastKnownFileType = sourcecode.swift; path = Peripheral.swift; sourceTree = "<group>"; };
		C155E194257D4FD600A845B9 /* PairingStoreState.swift */ = {isa = PBXFileReference; lastKnownFileType = sourcecode.swift; path = PairingStoreState.swift; sourceTree = "<group>"; };
		C155E198257D515300A845B9 /* AppDependency.swift */ = {isa = PBXFileReference; lastKnownFileType = sourcecode.swift; path = AppDependency.swift; sourceTree = "<group>"; };
		C155E19C257D730200A845B9 /* Device.swift */ = {isa = PBXFileReference; lastKnownFileType = sourcecode.swift; path = Device.swift; sourceTree = "<group>"; };
		C155E1A0257D733E00A845B9 /* Array+Safe.swift */ = {isa = PBXFileReference; lastKnownFileType = sourcecode.swift; path = "Array+Safe.swift"; sourceTree = "<group>"; };
		C16D9E3325EA979C009F3ADE /* ValueStoring.swift */ = {isa = PBXFileReference; lastKnownFileType = sourcecode.swift; path = ValueStoring.swift; sourceTree = "<group>"; };
		C16D9E3B25EA9CC9009F3ADE /* StatusView.swift */ = {isa = PBXFileReference; lastKnownFileType = sourcecode.swift; path = StatusView.swift; sourceTree = "<group>"; };
		C16D9E3E25EAA1B6009F3ADE /* DeviceValue.swift */ = {isa = PBXFileReference; lastKnownFileType = sourcecode.swift; path = DeviceValue.swift; sourceTree = "<group>"; };
		C16D9E4225EAA488009F3ADE /* Formatters.swift */ = {isa = PBXFileReference; lastKnownFileType = sourcecode.swift; path = Formatters.swift; sourceTree = "<group>"; };
		C16D9E4525EABEA3009F3ADE /* ValueGradientView.swift */ = {isa = PBXFileReference; lastKnownFileType = sourcecode.swift; path = ValueGradientView.swift; sourceTree = "<group>"; };
		C16D9E4925EAC016009F3ADE /* Triangle.swift */ = {isa = PBXFileReference; lastKnownFileType = sourcecode.swift; path = Triangle.swift; sourceTree = "<group>"; };
		C16D9E4D25EAC373009F3ADE /* ValueScale.swift */ = {isa = PBXFileReference; lastKnownFileType = sourcecode.swift; path = ValueScale.swift; sourceTree = "<group>"; };
		C16D9E5B25EBA9B7009F3ADE /* R.generated.swift */ = {isa = PBXFileReference; fileEncoding = 4; lastKnownFileType = sourcecode.swift; path = R.generated.swift; sourceTree = "<group>"; };
		C16D9E6225EBABBF009F3ADE /* DeviceValueRange.swift */ = {isa = PBXFileReference; lastKnownFileType = sourcecode.swift; path = DeviceValueRange.swift; sourceTree = "<group>"; };
		C16D9E6B25EBB1E2009F3ADE /* en */ = {isa = PBXFileReference; lastKnownFileType = text.plist.strings; name = en; path = en.lproj/Localizable.strings; sourceTree = "<group>"; };
		C16D9E6E25EBB20B009F3ADE /* cs */ = {isa = PBXFileReference; lastKnownFileType = text.plist.strings; name = cs; path = cs.lproj/Localizable.strings; sourceTree = "<group>"; };
		C16D9E7025EBB2E2009F3ADE /* LocalizedString.swift */ = {isa = PBXFileReference; lastKnownFileType = sourcecode.swift; path = LocalizedString.swift; sourceTree = "<group>"; };
		C16D9E7425EBC8DA009F3ADE /* Color+AppColors.swift */ = {isa = PBXFileReference; lastKnownFileType = sourcecode.swift; path = "Color+AppColors.swift"; sourceTree = "<group>"; };
		C16D9E7725EBC963009F3ADE /* Rswift+Resources.swift */ = {isa = PBXFileReference; lastKnownFileType = sourcecode.swift; path = "Rswift+Resources.swift"; sourceTree = "<group>"; };
		C17F059C2607A835000E9917 /* LocationManging.swift */ = {isa = PBXFileReference; lastKnownFileType = sourcecode.swift; path = LocationManging.swift; sourceTree = "<group>"; };
		C17F059F2607A841000E9917 /* LocationManager.swift */ = {isa = PBXFileReference; lastKnownFileType = sourcecode.swift; path = LocationManager.swift; sourceTree = "<group>"; };
		C17F05A22607A885000E9917 /* Location.swift */ = {isa = PBXFileReference; lastKnownFileType = sourcecode.swift; path = Location.swift; sourceTree = "<group>"; };
		C17F05A82607ABAD000E9917 /* MapStoring.swift */ = {isa = PBXFileReference; lastKnownFileType = sourcecode.swift; path = MapStoring.swift; sourceTree = "<group>"; };
		C17F05AC2607ABB6000E9917 /* MapStore.swift */ = {isa = PBXFileReference; lastKnownFileType = sourcecode.swift; path = MapStore.swift; sourceTree = "<group>"; };
		C17F05B02607ABD2000E9917 /* MapCoordinator.swift */ = {isa = PBXFileReference; lastKnownFileType = sourcecode.swift; path = MapCoordinator.swift; sourceTree = "<group>"; };
		C17F05B32607ABDC000E9917 /* MapCoordinatorEvent.swift */ = {isa = PBXFileReference; lastKnownFileType = sourcecode.swift; path = MapCoordinatorEvent.swift; sourceTree = "<group>"; };
		C17F05B62607AC61000E9917 /* MapTab.swift */ = {isa = PBXFileReference; lastKnownFileType = sourcecode.swift; path = MapTab.swift; sourceTree = "<group>"; };
		C17F05B92607ACD0000E9917 /* MockMapStore.swift */ = {isa = PBXFileReference; lastKnownFileType = sourcecode.swift; path = MockMapStore.swift; sourceTree = "<group>"; };
		C17F05BC2607AD79000E9917 /* MapView.swift */ = {isa = PBXFileReference; lastKnownFileType = sourcecode.swift; path = MapView.swift; sourceTree = "<group>"; };
		C17F05BF2607B26C000E9917 /* LocationAuthorization.swift */ = {isa = PBXFileReference; lastKnownFileType = sourcecode.swift; path = LocationAuthorization.swift; sourceTree = "<group>"; };
		C17F05C32607B853000E9917 /* MapRenderingView.swift */ = {isa = PBXFileReference; lastKnownFileType = sourcecode.swift; path = MapRenderingView.swift; sourceTree = "<group>"; };
		C17F05C72607B9F1000E9917 /* Value.swift */ = {isa = PBXFileReference; lastKnownFileType = sourcecode.swift; path = Value.swift; sourceTree = "<group>"; };
		C17F05CF2607BBCF000E9917 /* DeviceValueStore.swift */ = {isa = PBXFileReference; lastKnownFileType = sourcecode.swift; path = DeviceValueStore.swift; sourceTree = "<group>"; };
		C17F05D32607BE2E000E9917 /* DeviceValueStoring.swift */ = {isa = PBXFileReference; lastKnownFileType = sourcecode.swift; path = DeviceValueStoring.swift; sourceTree = "<group>"; };
		C17F05D72607C045000E9917 /* MapValue.swift */ = {isa = PBXFileReference; lastKnownFileType = sourcecode.swift; path = MapValue.swift; sourceTree = "<group>"; };
		C17F2DC6260F689000EE243C /* MapDestinationView.swift */ = {isa = PBXFileReference; lastKnownFileType = sourcecode.swift; path = MapDestinationView.swift; sourceTree = "<group>"; };
		C182EAE925F53E54009B2321 /* SettingsPairedDeviceFooterView.swift */ = {isa = PBXFileReference; lastKnownFileType = sourcecode.swift; path = SettingsPairedDeviceFooterView.swift; sourceTree = "<group>"; };
		C182EAEC25F53FC1009B2321 /* SettingsAlertHeader.swift */ = {isa = PBXFileReference; lastKnownFileType = sourcecode.swift; path = SettingsAlertHeader.swift; sourceTree = "<group>"; };
		C182EAEF25F5455D009B2321 /* SettingsViewStoring.swift */ = {isa = PBXFileReference; lastKnownFileType = sourcecode.swift; path = SettingsViewStoring.swift; sourceTree = "<group>"; };
		C182EAF225F54587009B2321 /* SettingsViewStore.swift */ = {isa = PBXFileReference; lastKnownFileType = sourcecode.swift; path = SettingsViewStore.swift; sourceTree = "<group>"; };
		C182EAF925F547A3009B2321 /* MockSettingsViewStore.swift */ = {isa = PBXFileReference; lastKnownFileType = sourcecode.swift; path = MockSettingsViewStore.swift; sourceTree = "<group>"; };
		C182EAFD25F5495D009B2321 /* SettingsServicing.swift */ = {isa = PBXFileReference; lastKnownFileType = sourcecode.swift; path = SettingsServicing.swift; sourceTree = "<group>"; };
		C182EB0025F54967009B2321 /* SettingsService.swift */ = {isa = PBXFileReference; lastKnownFileType = sourcecode.swift; path = SettingsService.swift; sourceTree = "<group>"; };
		C1A4AC2225EBCAAF00290AE2 /* AppText.swift */ = {isa = PBXFileReference; lastKnownFileType = sourcecode.swift; path = AppText.swift; sourceTree = "<group>"; };
		C1A4AC2525EBCBB200290AE2 /* AppTextStyle.swift */ = {isa = PBXFileReference; lastKnownFileType = sourcecode.swift; path = AppTextStyle.swift; sourceTree = "<group>"; };
		C1A4AC2825EBCC7700290AE2 /* Text+AppStyles.swift */ = {isa = PBXFileReference; lastKnownFileType = sourcecode.swift; path = "Text+AppStyles.swift"; sourceTree = "<group>"; };
		C1A4AC2C25EBCD8400290AE2 /* TextualStyle.swift */ = {isa = PBXFileReference; lastKnownFileType = sourcecode.swift; path = TextualStyle.swift; sourceTree = "<group>"; };
		C1A4AC3125EBCE0100290AE2 /* AppButtonStyle.swift */ = {isa = PBXFileReference; lastKnownFileType = sourcecode.swift; path = AppButtonStyle.swift; sourceTree = "<group>"; };
		C1A4AC3525EBCE6300290AE2 /* Button+AppStyles.swift */ = {isa = PBXFileReference; lastKnownFileType = sourcecode.swift; path = "Button+AppStyles.swift"; sourceTree = "<group>"; };
		C1A4AC3825EBCECA00290AE2 /* AppButton.swift */ = {isa = PBXFileReference; lastKnownFileType = sourcecode.swift; path = AppButton.swift; sourceTree = "<group>"; };
		C1B25D7F257D4087006E808C /* Rogalo.app */ = {isa = PBXFileReference; explicitFileType = wrapper.application; includeInIndex = 0; path = Rogalo.app; sourceTree = BUILT_PRODUCTS_DIR; };
		C1B25D82257D4087006E808C /* AppDelegate.swift */ = {isa = PBXFileReference; lastKnownFileType = sourcecode.swift; path = AppDelegate.swift; sourceTree = "<group>"; };
		C1B25D84257D4087006E808C /* SceneDelegate.swift */ = {isa = PBXFileReference; lastKnownFileType = sourcecode.swift; path = SceneDelegate.swift; sourceTree = "<group>"; };
		C1B25D86257D4087006E808C /* PeripheralListView.swift */ = {isa = PBXFileReference; lastKnownFileType = sourcecode.swift; path = PeripheralListView.swift; sourceTree = "<group>"; };
		C1B25D88257D4095006E808C /* Assets.xcassets */ = {isa = PBXFileReference; lastKnownFileType = folder.assetcatalog; path = Assets.xcassets; sourceTree = "<group>"; };
		C1B25D8E257D4095006E808C /* Base */ = {isa = PBXFileReference; lastKnownFileType = file.storyboard; name = Base; path = Base.lproj/LaunchScreen.storyboard; sourceTree = "<group>"; };
		C1B25D90257D4095006E808C /* Info.plist */ = {isa = PBXFileReference; lastKnownFileType = text.plist.xml; path = Info.plist; sourceTree = "<group>"; };
		C1B25DA0257D426A006E808C /* PairingStore.swift */ = {isa = PBXFileReference; lastKnownFileType = sourcecode.swift; path = PairingStore.swift; sourceTree = "<group>"; };
		C1B25DA9257D437C006E808C /* ContentView.swift */ = {isa = PBXFileReference; lastKnownFileType = sourcecode.swift; path = ContentView.swift; sourceTree = "<group>"; };
		C1B25DAE257D43F9006E808C /* SettingsTab.swift */ = {isa = PBXFileReference; lastKnownFileType = sourcecode.swift; path = SettingsTab.swift; sourceTree = "<group>"; };
		C1B25DB2257D48A2006E808C /* BluetoothManager.swift */ = {isa = PBXFileReference; lastKnownFileType = sourcecode.swift; path = BluetoothManager.swift; sourceTree = "<group>"; };
		C1B25DB7257D48BF006E808C /* BluetoothManaging.swift */ = {isa = PBXFileReference; lastKnownFileType = sourcecode.swift; path = BluetoothManaging.swift; sourceTree = "<group>"; };
		C1C6822D260F3B77006E5296 /* ZoomSliderView.swift */ = {isa = PBXFileReference; lastKnownFileType = sourcecode.swift; path = ZoomSliderView.swift; sourceTree = "<group>"; };
		C1C68230260F3E3C006E5296 /* MapControlsView.swift */ = {isa = PBXFileReference; lastKnownFileType = sourcecode.swift; path = MapControlsView.swift; sourceTree = "<group>"; };
		C1C68236260F632E006E5296 /* Coordinate.swift */ = {isa = PBXFileReference; lastKnownFileType = sourcecode.swift; path = Coordinate.swift; sourceTree = "<group>"; };
		C1C6823A260F66A7006E5296 /* MKOverlay+Custom.swift */ = {isa = PBXFileReference; lastKnownFileType = sourcecode.swift; path = "MKOverlay+Custom.swift"; sourceTree = "<group>"; };
		C1CA846C25F56FF400D16A23 /* Battery.swift */ = {isa = PBXFileReference; lastKnownFileType = sourcecode.swift; path = Battery.swift; sourceTree = "<group>"; };
		C1CA847025F57C5E00D16A23 /* Order.swift */ = {isa = PBXFileReference; lastKnownFileType = sourcecode.swift; path = Order.swift; sourceTree = "<group>"; };
		C1CAE7242586394700CB60E7 /* SceneCoordinator.swift */ = {isa = PBXFileReference; lastKnownFileType = sourcecode.swift; path = SceneCoordinator.swift; sourceTree = "<group>"; };
		C1CAE7282586397100CB60E7 /* SceneCoordinating.swift */ = {isa = PBXFileReference; lastKnownFileType = sourcecode.swift; path = SceneCoordinating.swift; sourceTree = "<group>"; };
		C1CAE72B25863AAC00CB60E7 /* AppCoordinating.swift */ = {isa = PBXFileReference; lastKnownFileType = sourcecode.swift; path = AppCoordinating.swift; sourceTree = "<group>"; };
		C1CAE73025863AD800CB60E7 /* AppCoordinator.swift */ = {isa = PBXFileReference; lastKnownFileType = sourcecode.swift; path = AppCoordinator.swift; sourceTree = "<group>"; };
		C1CAE73425863B1D00CB60E7 /* AppCoordinatorContaining.swift */ = {isa = PBXFileReference; lastKnownFileType = sourcecode.swift; path = AppCoordinatorContaining.swift; sourceTree = "<group>"; };
		C1CAE73925863BCB00CB60E7 /* Coordinator.swift */ = {isa = PBXFileReference; lastKnownFileType = sourcecode.swift; path = Coordinator.swift; sourceTree = "<group>"; };
		C1CAE73D25863CFA00CB60E7 /* DependencyContainer.swift */ = {isa = PBXFileReference; lastKnownFileType = sourcecode.swift; path = DependencyContainer.swift; sourceTree = "<group>"; };
		C1CAE74125863ED000CB60E7 /* ActiveSceneSession.swift */ = {isa = PBXFileReference; lastKnownFileType = sourcecode.swift; path = ActiveSceneSession.swift; sourceTree = "<group>"; };
		C1CAE7462586422E00CB60E7 /* ContentCoordinator.swift */ = {isa = PBXFileReference; lastKnownFileType = sourcecode.swift; path = ContentCoordinator.swift; sourceTree = "<group>"; };
		C1CAE74A2586424800CB60E7 /* PairingCoordinator.swift */ = {isa = PBXFileReference; lastKnownFileType = sourcecode.swift; path = PairingCoordinator.swift; sourceTree = "<group>"; };
		C1CAE74E258643AD00CB60E7 /* ViewCoordinator.swift */ = {isa = PBXFileReference; lastKnownFileType = sourcecode.swift; path = ViewCoordinator.swift; sourceTree = "<group>"; };
		C1CAE7512586440700CB60E7 /* ParentCoordinatorContaining.swift */ = {isa = PBXFileReference; lastKnownFileType = sourcecode.swift; path = ParentCoordinatorContaining.swift; sourceTree = "<group>"; };
		C1CAE754258644FD00CB60E7 /* PairingCoordinatorEventHandling.swift */ = {isa = PBXFileReference; lastKnownFileType = sourcecode.swift; path = PairingCoordinatorEventHandling.swift; sourceTree = "<group>"; };
		C1CAE7592586461300CB60E7 /* PairingNavigationView.swift */ = {isa = PBXFileReference; lastKnownFileType = sourcecode.swift; path = PairingNavigationView.swift; sourceTree = "<group>"; };
		C1CAE75D2586478800CB60E7 /* MockPairingStore.swift */ = {isa = PBXFileReference; lastKnownFileType = sourcecode.swift; path = MockPairingStore.swift; sourceTree = "<group>"; };
		C1CAE760258647B300CB60E7 /* PairingStoring.swift */ = {isa = PBXFileReference; lastKnownFileType = sourcecode.swift; path = PairingStoring.swift; sourceTree = "<group>"; };
		C1CAE76425864B4600CB60E7 /* Storage.swift */ = {isa = PBXFileReference; lastKnownFileType = sourcecode.swift; path = Storage.swift; sourceTree = "<group>"; };
		C1CAE76725864B5A00CB60E7 /* AppStorage.swift */ = {isa = PBXFileReference; lastKnownFileType = sourcecode.swift; path = AppStorage.swift; sourceTree = "<group>"; };
		C1CAE76A2586534C00CB60E7 /* ContentCoordinatorEventHandling.swift */ = {isa = PBXFileReference; lastKnownFileType = sourcecode.swift; path = ContentCoordinatorEventHandling.swift; sourceTree = "<group>"; };
		C1CAE76E258653B200CB60E7 /* ContentStore.swift */ = {isa = PBXFileReference; lastKnownFileType = sourcecode.swift; path = ContentStore.swift; sourceTree = "<group>"; };
		C1CAE771258653C800CB60E7 /* ContentStoring.swift */ = {isa = PBXFileReference; lastKnownFileType = sourcecode.swift; path = ContentStoring.swift; sourceTree = "<group>"; };
		C1CAE774258653FD00CB60E7 /* MockContentStore.swift */ = {isa = PBXFileReference; lastKnownFileType = sourcecode.swift; path = MockContentStore.swift; sourceTree = "<group>"; };
		C1CAE777258654F300CB60E7 /* ValuesStoring.swift */ = {isa = PBXFileReference; lastKnownFileType = sourcecode.swift; path = ValuesStoring.swift; sourceTree = "<group>"; };
		C1CAE77B2586562B00CB60E7 /* SettingsStoring.swift */ = {isa = PBXFileReference; lastKnownFileType = sourcecode.swift; path = SettingsStoring.swift; sourceTree = "<group>"; };
		C1CAE77E2586564A00CB60E7 /* SettingsStore.swift */ = {isa = PBXFileReference; lastKnownFileType = sourcecode.swift; path = SettingsStore.swift; sourceTree = "<group>"; };
		C1CAE7812586565E00CB60E7 /* MockSettingsStore.swift */ = {isa = PBXFileReference; lastKnownFileType = sourcecode.swift; path = MockSettingsStore.swift; sourceTree = "<group>"; };
		C1CAE7842586567D00CB60E7 /* MockValuesStore.swift */ = {isa = PBXFileReference; lastKnownFileType = sourcecode.swift; path = MockValuesStore.swift; sourceTree = "<group>"; };
		C1CAE78D2586634700CB60E7 /* DeviceManaging.swift */ = {isa = PBXFileReference; lastKnownFileType = sourcecode.swift; path = DeviceManaging.swift; sourceTree = "<group>"; };
		C1CAE7912586636300CB60E7 /* DeviceManager.swift */ = {isa = PBXFileReference; lastKnownFileType = sourcecode.swift; path = DeviceManager.swift; sourceTree = "<group>"; };
		C1E617522607E6B20043934A /* StatusViewEvent.swift */ = {isa = PBXFileReference; lastKnownFileType = sourcecode.swift; path = StatusViewEvent.swift; sourceTree = "<group>"; };
		C1E617572607E8B50043934A /* StatusViewModel.swift */ = {isa = PBXFileReference; lastKnownFileType = sourcecode.swift; path = StatusViewModel.swift; sourceTree = "<group>"; };
		C1E6175A2607E9C10043934A /* DeviceState+StatusViewModel.swift */ = {isa = PBXFileReference; lastKnownFileType = sourcecode.swift; path = "DeviceState+StatusViewModel.swift"; sourceTree = "<group>"; };
		C1E6175D2607EA840043934A /* NotificationAuthorizationStatus+StatusViewModel.swift */ = {isa = PBXFileReference; lastKnownFileType = sourcecode.swift; path = "NotificationAuthorizationStatus+StatusViewModel.swift"; sourceTree = "<group>"; };
		C1E617612607EB290043934A /* LocationAuthorization+StatusViewModel.swift */ = {isa = PBXFileReference; lastKnownFileType = sourcecode.swift; path = "LocationAuthorization+StatusViewModel.swift"; sourceTree = "<group>"; };
		C1E617642607EF9F0043934A /* MapTabEventHandling.swift */ = {isa = PBXFileReference; lastKnownFileType = sourcecode.swift; path = MapTabEventHandling.swift; sourceTree = "<group>"; };
		C1E617672607F52D0043934A /* UIKitMapView.swift */ = {isa = PBXFileReference; lastKnownFileType = sourcecode.swift; path = UIKitMapView.swift; sourceTree = "<group>"; };
		C1E61782260A42EA0043934A /* MapRenderingCoordinator.swift */ = {isa = PBXFileReference; lastKnownFileType = sourcecode.swift; path = MapRenderingCoordinator.swift; sourceTree = "<group>"; };
		C1F36C65258677BE002930B2 /* PairingNavigationViewEventHandling.swift */ = {isa = PBXFileReference; lastKnownFileType = sourcecode.swift; path = PairingNavigationViewEventHandling.swift; sourceTree = "<group>"; };
		C1F36C6925867BA2002930B2 /* AppError.swift */ = {isa = PBXFileReference; lastKnownFileType = sourcecode.swift; path = AppError.swift; sourceTree = "<group>"; };
		C1F36C6C258696F6002930B2 /* SettingsTabEventHandling.swift */ = {isa = PBXFileReference; lastKnownFileType = sourcecode.swift; path = SettingsTabEventHandling.swift; sourceTree = "<group>"; };
		C1F36C7025869986002930B2 /* SettingsCoordinator.swift */ = {isa = PBXFileReference; lastKnownFileType = sourcecode.swift; path = SettingsCoordinator.swift; sourceTree = "<group>"; };
		C1F36C732586999C002930B2 /* SettingsCoordinatorEventHandling.swift */ = {isa = PBXFileReference; lastKnownFileType = sourcecode.swift; path = SettingsCoordinatorEventHandling.swift; sourceTree = "<group>"; };
		C1F36C772586A1FA002930B2 /* ValuesCoordinator.swift */ = {isa = PBXFileReference; lastKnownFileType = sourcecode.swift; path = ValuesCoordinator.swift; sourceTree = "<group>"; };
		C1F36C7C2586A2BF002930B2 /* ValuesCoordinatorEventHandling.swift */ = {isa = PBXFileReference; lastKnownFileType = sourcecode.swift; path = ValuesCoordinatorEventHandling.swift; sourceTree = "<group>"; };
/* End PBXFileReference section */

/* Begin PBXFrameworksBuildPhase section */
		C1B25D7C257D4087006E808C /* Frameworks */ = {
			isa = PBXFrameworksBuildPhase;
			buildActionMask = 2147483647;
			files = (
				29775D21CA51DBB63BC25491 /* Pods_Rogalo.framework in Frameworks */,
			);
			runOnlyForDeploymentPostprocessing = 0;
		};
/* End PBXFrameworksBuildPhase section */

/* Begin PBXGroup section */
		BBCF7C325E0C816D488988AE /* Frameworks */ = {
			isa = PBXGroup;
			children = (
				144E9CDB07CAEC5B095BE877 /* Pods_Rogalo.framework */,
			);
			name = Frameworks;
			sourceTree = "<group>";
		};
		C112C728257D7AE200B1F8A9 /* Values */ = {
			isa = PBXGroup;
			children = (
				C1F36C762586A1E6002930B2 /* Coordinator */,
				C112C72D257D7B0800B1F8A9 /* Store */,
				C112C732257D7D9200B1F8A9 /* ValuesTab.swift */,
				C112C729257D7B0100B1F8A9 /* ValuesView.swift */,
			);
			path = Values;
			sourceTree = "<group>";
		};
		C112C72D257D7B0800B1F8A9 /* Store */ = {
			isa = PBXGroup;
			children = (
				C112C72E257D7B2000B1F8A9 /* ValuesStore.swift */,
				C1CAE777258654F300CB60E7 /* ValuesStoring.swift */,
				C1CAE7842586567D00CB60E7 /* MockValuesStore.swift */,
			);
			path = Store;
			sourceTree = "<group>";
		};
		C133B2F425EA918A00F070C1 /* Views */ = {
			isa = PBXGroup;
			children = (
				C1A4AC2125EBCA9200290AE2 /* Components */,
				C16D9E4825EAC00B009F3ADE /* Shapes */,
				C16D9E3625EA9C9A009F3ADE /* StatusView */,
				C17F05CA2607BABA000E9917 /* Values */,
			);
			path = Views;
			sourceTree = "<group>";
		};
		C149F1C325EA454100F55965 /* Notifications */ = {
			isa = PBXGroup;
			children = (
				C149F1C425EA455700F55965 /* NotificationManaging.swift */,
				C149F1C825EA456E00F55965 /* NotificationManager.swift */,
				C149F1CB25EA472800F55965 /* TemperatureSignificantValues.swift */,
				C13FFE442603E72D00D91BF7 /* ExhaustSignificantValues.swift */,
				C149F1D725EA51F900F55965 /* NotificationEvent.swift */,
				C149F1DA25EA531E00F55965 /* NotificationAuthorizationStatus.swift */,
			);
			path = Notifications;
			sourceTree = "<group>";
		};
		C149F1CE25EA4E8600F55965 /* Audio */ = {
			isa = PBXGroup;
			children = (
				C13FFE412603E6D000D91BF7 /* ExhaustCritical-600.m4a */,
				C149F1D125EA4EF200F55965 /* TemperatureRisk-180.m4a */,
				C149F1D025EA4EF200F55965 /* TemperatureHighRist-185.m4a */,
				C149F1CF25EA4EF200F55965 /* TemperatureCritical-190.m4a */,
			);
			path = Audio;
			sourceTree = "<group>";
		};
		C149F1DF25EA623300F55965 /* Records */ = {
			isa = PBXGroup;
			children = (
				C149F1E025EA625500F55965 /* Coordinator */,
				C149F1E125EA625C00F55965 /* Store */,
				C149F1E225EA627A00F55965 /* RecordsTab.swift */,
				C149F1E625EA628900F55965 /* RecordsView.swift */,
			);
			path = Records;
			sourceTree = "<group>";
		};
		C149F1E025EA625500F55965 /* Coordinator */ = {
			isa = PBXGroup;
			children = (
				C149F1E925EA62C100F55965 /* RecordsCoordinator.swift */,
				C149F1EC25EA62D400F55965 /* RecordsCoordinatorEventHandling.swift */,
			);
			path = Coordinator;
			sourceTree = "<group>";
		};
		C149F1E125EA625C00F55965 /* Store */ = {
			isa = PBXGroup;
			children = (
				C149F1EF25EA637200F55965 /* RecordsStoring.swift */,
				C149F1F325EA637D00F55965 /* RecordsStore.swift */,
				C149F1F625EA66F700F55965 /* MockRecordsStore.swift */,
			);
			path = Store;
			sourceTree = "<group>";
		};
		C155E18F257D4C2D00A845B9 /* Models */ = {
			isa = PBXGroup;
			children = (
				C1C68239260F6660006E5296 /* Location */,
				C1CA846C25F56FF400D16A23 /* Battery.swift */,
				C155E19C257D730200A845B9 /* Device.swift */,
				C1036CDC25EBDEC0003A358B /* DeviceState.swift */,
				C16D9E3E25EAA1B6009F3ADE /* DeviceValue.swift */,
				C17F05D72607C045000E9917 /* MapValue.swift */,
				C16D9E6225EBABBF009F3ADE /* DeviceValueRange.swift */,
				C112C725257D774B00B1F8A9 /* EngineCharacteristics.swift */,
				C1CA847025F57C5E00D16A23 /* Order.swift */,
				C155E190257D4C3E00A845B9 /* Peripheral.swift */,
			);
			path = Models;
			sourceTree = "<group>";
		};
		C155E197257D514400A845B9 /* DependencyInjection */ = {
			isa = PBXGroup;
			children = (
				C155E198257D515300A845B9 /* AppDependency.swift */,
			);
			path = DependencyInjection;
			sourceTree = "<group>";
		};
		C155E19F257D732300A845B9 /* Extensions */ = {
			isa = PBXGroup;
			children = (
				C155E1A0257D733E00A845B9 /* Array+Safe.swift */,
				C16D9E7425EBC8DA009F3ADE /* Color+AppColors.swift */,
				C16D9E7725EBC963009F3ADE /* Rswift+Resources.swift */,
				C1A4AC2825EBCC7700290AE2 /* Text+AppStyles.swift */,
				C1A4AC3525EBCE6300290AE2 /* Button+AppStyles.swift */,
			);
			path = Extensions;
			sourceTree = "<group>";
		};
		C16D9E3625EA9C9A009F3ADE /* StatusView */ = {
			isa = PBXGroup;
			children = (
				C16D9E3B25EA9CC9009F3ADE /* StatusView.swift */,
				C1E617522607E6B20043934A /* StatusViewEvent.swift */,
				C1E617572607E8B50043934A /* StatusViewModel.swift */,
				C1E6175A2607E9C10043934A /* DeviceState+StatusViewModel.swift */,
				C1E6175D2607EA840043934A /* NotificationAuthorizationStatus+StatusViewModel.swift */,
				C1E617612607EB290043934A /* LocationAuthorization+StatusViewModel.swift */,
			);
			path = StatusView;
			sourceTree = "<group>";
		};
		C16D9E4825EAC00B009F3ADE /* Shapes */ = {
			isa = PBXGroup;
			children = (
				C16D9E4925EAC016009F3ADE /* Triangle.swift */,
			);
			path = Shapes;
			sourceTree = "<group>";
		};
		C17F059B2607A822000E9917 /* Location */ = {
			isa = PBXGroup;
			children = (
				C17F059C2607A835000E9917 /* LocationManging.swift */,
				C17F059F2607A841000E9917 /* LocationManager.swift */,
				C17F05BF2607B26C000E9917 /* LocationAuthorization.swift */,
			);
			path = Location;
			sourceTree = "<group>";
		};
		C17F05A52607AB83000E9917 /* Map */ = {
			isa = PBXGroup;
			children = (
				C17F05A62607AB92000E9917 /* Coordinator */,
				C17F05A72607AB99000E9917 /* Store */,
				C17F05C22607B838000E9917 /* Views */,
				C17F05B62607AC61000E9917 /* MapTab.swift */,
				C17F05BC2607AD79000E9917 /* MapView.swift */,
				C1E617642607EF9F0043934A /* MapTabEventHandling.swift */,
			);
			path = Map;
			sourceTree = "<group>";
		};
		C17F05A62607AB92000E9917 /* Coordinator */ = {
			isa = PBXGroup;
			children = (
				C17F05B02607ABD2000E9917 /* MapCoordinator.swift */,
				C17F05B32607ABDC000E9917 /* MapCoordinatorEvent.swift */,
			);
			path = Coordinator;
			sourceTree = "<group>";
		};
		C17F05A72607AB99000E9917 /* Store */ = {
			isa = PBXGroup;
			children = (
				C17F05A82607ABAD000E9917 /* MapStoring.swift */,
				C17F05AC2607ABB6000E9917 /* MapStore.swift */,
				C17F05B92607ACD0000E9917 /* MockMapStore.swift */,
			);
			path = Store;
			sourceTree = "<group>";
		};
		C17F05C22607B838000E9917 /* Views */ = {
			isa = PBXGroup;
			children = (
				C1E61782260A42EA0043934A /* MapRenderingCoordinator.swift */,
				C17F05C32607B853000E9917 /* MapRenderingView.swift */,
				C1E617672607F52D0043934A /* UIKitMapView.swift */,
				C1C6822D260F3B77006E5296 /* ZoomSliderView.swift */,
				C1C68230260F3E3C006E5296 /* MapControlsView.swift */,
				C17F2DC6260F689000EE243C /* MapDestinationView.swift */,
				C110F7C62625ADB900AEF267 /* MapTypePickerView.swift */,
			);
			path = Views;
			sourceTree = "<group>";
		};
		C17F05CA2607BABA000E9917 /* Values */ = {
			isa = PBXGroup;
			children = (
				C17F05D32607BE2E000E9917 /* DeviceValueStoring.swift */,
				C17F05CF2607BBCF000E9917 /* DeviceValueStore.swift */,
				C16D9E4525EABEA3009F3ADE /* ValueGradientView.swift */,
				C16D9E4D25EAC373009F3ADE /* ValueScale.swift */,
				C133B2F925EA91C500F070C1 /* ValueStore.swift */,
				C16D9E3325EA979C009F3ADE /* ValueStoring.swift */,
				C133B2F525EA91A200F070C1 /* ValueView.swift */,
			);
			path = Values;
			sourceTree = "<group>";
		};
		C182EAE225F4DF37009B2321 /* SettingsView */ = {
			isa = PBXGroup;
			children = (
				C182EAE525F53944009B2321 /* Store */,
				C1036CE225EBE682003A358B /* SettingsView.swift */,
				C182EAE925F53E54009B2321 /* SettingsPairedDeviceFooterView.swift */,
				C182EAEC25F53FC1009B2321 /* SettingsAlertHeader.swift */,
			);
			path = SettingsView;
			sourceTree = "<group>";
		};
		C182EAE525F53944009B2321 /* Store */ = {
			isa = PBXGroup;
			children = (
				C182EAEF25F5455D009B2321 /* SettingsViewStoring.swift */,
				C182EAF225F54587009B2321 /* SettingsViewStore.swift */,
				C1036CE525EBE8C8003A358B /* SettingsViewModel.swift */,
				C182EAF925F547A3009B2321 /* MockSettingsViewStore.swift */,
			);
			path = Store;
			sourceTree = "<group>";
		};
		C182EAFC25F5494D009B2321 /* Settings */ = {
			isa = PBXGroup;
			children = (
				C182EAFD25F5495D009B2321 /* SettingsServicing.swift */,
				C182EB0025F54967009B2321 /* SettingsService.swift */,
			);
			path = Settings;
			sourceTree = "<group>";
		};
		C1A4AC2125EBCA9200290AE2 /* Components */ = {
			isa = PBXGroup;
			children = (
				C1A4AC2225EBCAAF00290AE2 /* AppText.swift */,
				C1A4AC3825EBCECA00290AE2 /* AppButton.swift */,
			);
			path = Components;
			sourceTree = "<group>";
		};
		C1A4AC2B25EBCD6900290AE2 /* Styles */ = {
			isa = PBXGroup;
			children = (
				C1A4AC2C25EBCD8400290AE2 /* TextualStyle.swift */,
				C1036CDF25EBE575003A358B /* ViewWithBackgroundStyle.swift */,
			);
			path = Styles;
			sourceTree = "<group>";
		};
		C1A4AC3025EBCDE900290AE2 /* Styles */ = {
			isa = PBXGroup;
			children = (
				C1A4AC2525EBCBB200290AE2 /* AppTextStyle.swift */,
				C1A4AC3125EBCE0100290AE2 /* AppButtonStyle.swift */,
			);
			path = Styles;
			sourceTree = "<group>";
		};
		C1B25D76257D4087006E808C = {
			isa = PBXGroup;
			children = (
				C1B25D81257D4087006E808C /* Rogalo */,
				C1B25D80257D4087006E808C /* Products */,
				D5443120209E95A15E7A7C03 /* Pods */,
				BBCF7C325E0C816D488988AE /* Frameworks */,
			);
			sourceTree = "<group>";
		};
		C1B25D80257D4087006E808C /* Products */ = {
			isa = PBXGroup;
			children = (
				C1B25D7F257D4087006E808C /* Rogalo.app */,
			);
			name = Products;
			sourceTree = "<group>";
		};
		C1B25D81257D4087006E808C /* Rogalo */ = {
			isa = PBXGroup;
			children = (
				C1B25D99257D41C7006E808C /* Application */,
				C1B25DB1257D4880006E808C /* Common */,
				C155E18F257D4C2D00A845B9 /* Models */,
				C1B25D9C257D4206006E808C /* Resources */,
				C1B25D98257D41BC006E808C /* Scene */,
				C133B2F425EA918A00F070C1 /* Views */,
			);
			path = Rogalo;
			sourceTree = "<group>";
		};
		C1B25D98257D41BC006E808C /* Scene */ = {
			isa = PBXGroup;
			children = (
				C1B25D9B257D41F8006E808C /* LaunchScreen */,
				C17F05A52607AB83000E9917 /* Map */,
				C1B25D9D257D422A006E808C /* Pairing */,
				C149F1DF25EA623300F55965 /* Records */,
				C182EAE225F4DF37009B2321 /* SettingsView */,
				C1B25DAD257D43DE006E808C /* SettingsTab */,
				C1B25DA8257D435A006E808C /* Tab */,
				C112C728257D7AE200B1F8A9 /* Values */,
			);
			path = Scene;
			sourceTree = "<group>";
		};
		C1B25D99257D41C7006E808C /* Application */ = {
			isa = PBXGroup;
			children = (
				C1B25D82257D4087006E808C /* AppDelegate.swift */,
				C1B25D84257D4087006E808C /* SceneDelegate.swift */,
			);
			path = Application;
			sourceTree = "<group>";
		};
		C1B25D9B257D41F8006E808C /* LaunchScreen */ = {
			isa = PBXGroup;
			children = (
				C1B25D8D257D4095006E808C /* LaunchScreen.storyboard */,
			);
			path = LaunchScreen;
			sourceTree = "<group>";
		};
		C1B25D9C257D4206006E808C /* Resources */ = {
			isa = PBXGroup;
			children = (
				C149F1CE25EA4E8600F55965 /* Audio */,
				C1B25D88257D4095006E808C /* Assets.xcassets */,
				C1B25D90257D4095006E808C /* Info.plist */,
				C16D9E5B25EBA9B7009F3ADE /* R.generated.swift */,
				C16D9E6C25EBB1E2009F3ADE /* Localizable.strings */,
			);
			path = Resources;
			sourceTree = "<group>";
		};
		C1B25D9D257D422A006E808C /* Pairing */ = {
			isa = PBXGroup;
			children = (
				C1F36C64258677A2002930B2 /* Navigation */,
				C1CAE7492586423600CB60E7 /* Coordinator */,
				C1B25D9F257D424C006E808C /* Store */,
				C1B25D86257D4087006E808C /* PeripheralListView.swift */,
				C1036CF025EBFAFE003A358B /* PeripheralListViewModel.swift */,
			);
			path = Pairing;
			sourceTree = "<group>";
		};
		C1B25D9F257D424C006E808C /* Store */ = {
			isa = PBXGroup;
			children = (
				C1B25DA0257D426A006E808C /* PairingStore.swift */,
				C155E194257D4FD600A845B9 /* PairingStoreState.swift */,
				C1CAE75D2586478800CB60E7 /* MockPairingStore.swift */,
				C1CAE760258647B300CB60E7 /* PairingStoring.swift */,
			);
			path = Store;
			sourceTree = "<group>";
		};
		C1B25DA8257D435A006E808C /* Tab */ = {
			isa = PBXGroup;
			children = (
				C1CAE76D258653A400CB60E7 /* Store */,
				C1CAE7452586421700CB60E7 /* Coordinator */,
				C1B25DA9257D437C006E808C /* ContentView.swift */,
			);
			path = Tab;
			sourceTree = "<group>";
		};
		C1B25DAD257D43DE006E808C /* SettingsTab */ = {
			isa = PBXGroup;
			children = (
				C1F36C6F25869974002930B2 /* Coordinator */,
				C1CAE77A2586561F00CB60E7 /* Store */,
				C1B25DAE257D43F9006E808C /* SettingsTab.swift */,
				C1F36C6C258696F6002930B2 /* SettingsTabEventHandling.swift */,
			);
			path = SettingsTab;
			sourceTree = "<group>";
		};
		C1B25DB1257D4880006E808C /* Common */ = {
			isa = PBXGroup;
			children = (
				C1CAE7232586393200CB60E7 /* Coordinators */,
				C155E197257D514400A845B9 /* DependencyInjection */,
				C155E19F257D732300A845B9 /* Extensions */,
				C1B25DB5257D48A6006E808C /* Managers */,
				C1CAE73325863AF800CB60E7 /* Protocols */,
				C1CAE74025863EC000CB60E7 /* Types */,
			);
			path = Common;
			sourceTree = "<group>";
		};
		C1B25DB5257D48A6006E808C /* Managers */ = {
			isa = PBXGroup;
			children = (
				C17F059B2607A822000E9917 /* Location */,
				C182EAFC25F5494D009B2321 /* Settings */,
				C149F1C325EA454100F55965 /* Notifications */,
				C1CAE78C2586633200CB60E7 /* Device */,
				C1CAE76325864B2700CB60E7 /* Persistency */,
				C1B25DB6257D48AC006E808C /* Bluetooth */,
			);
			path = Managers;
			sourceTree = "<group>";
		};
		C1B25DB6257D48AC006E808C /* Bluetooth */ = {
			isa = PBXGroup;
			children = (
				C1B25DB2257D48A2006E808C /* BluetoothManager.swift */,
				C1B25DB7257D48BF006E808C /* BluetoothManaging.swift */,
			);
			path = Bluetooth;
			sourceTree = "<group>";
		};
		C1C68239260F6660006E5296 /* Location */ = {
			isa = PBXGroup;
			children = (
				C17F05A22607A885000E9917 /* Location.swift */,
				C1C68236260F632E006E5296 /* Coordinate.swift */,
				C1C6823A260F66A7006E5296 /* MKOverlay+Custom.swift */,
				C1102B66260FBAA500008F82 /* CLLocationCoordinate2D+Equatable.swift */,
			);
			path = Location;
			sourceTree = "<group>";
		};
		C1CAE7232586393200CB60E7 /* Coordinators */ = {
			isa = PBXGroup;
			children = (
				C1CAE7242586394700CB60E7 /* SceneCoordinator.swift */,
				C1CAE73025863AD800CB60E7 /* AppCoordinator.swift */,
			);
			path = Coordinators;
			sourceTree = "<group>";
		};
		C1CAE73325863AF800CB60E7 /* Protocols */ = {
			isa = PBXGroup;
			children = (
				C1CAE73C25863CCF00CB60E7 /* DependencyInjection */,
				C1CAE73825863BB200CB60E7 /* Coordinators */,
				C1A4AC2B25EBCD6900290AE2 /* Styles */,
				C13FFE482603E8EF00D91BF7 /* Resource.swift */,
				C17F05C72607B9F1000E9917 /* Value.swift */,
			);
			path = Protocols;
			sourceTree = "<group>";
		};
		C1CAE73825863BB200CB60E7 /* Coordinators */ = {
			isa = PBXGroup;
			children = (
				C1CAE7282586397100CB60E7 /* SceneCoordinating.swift */,
				C1CAE72B25863AAC00CB60E7 /* AppCoordinating.swift */,
				C1CAE73425863B1D00CB60E7 /* AppCoordinatorContaining.swift */,
				C1CAE73925863BCB00CB60E7 /* Coordinator.swift */,
				C1CAE74E258643AD00CB60E7 /* ViewCoordinator.swift */,
				C1CAE7512586440700CB60E7 /* ParentCoordinatorContaining.swift */,
			);
			path = Coordinators;
			sourceTree = "<group>";
		};
		C1CAE73C25863CCF00CB60E7 /* DependencyInjection */ = {
			isa = PBXGroup;
			children = (
				C1CAE73D25863CFA00CB60E7 /* DependencyContainer.swift */,
			);
			path = DependencyInjection;
			sourceTree = "<group>";
		};
		C1CAE74025863EC000CB60E7 /* Types */ = {
			isa = PBXGroup;
			children = (
				C1A4AC3025EBCDE900290AE2 /* Styles */,
				C1CAE74125863ED000CB60E7 /* ActiveSceneSession.swift */,
				C1F36C6925867BA2002930B2 /* AppError.swift */,
				C16D9E4225EAA488009F3ADE /* Formatters.swift */,
				C16D9E7025EBB2E2009F3ADE /* LocalizedString.swift */,
				C1036CE925EBEF59003A358B /* Constants.swift */,
			);
			path = Types;
			sourceTree = "<group>";
		};
		C1CAE7452586421700CB60E7 /* Coordinator */ = {
			isa = PBXGroup;
			children = (
				C1CAE7462586422E00CB60E7 /* ContentCoordinator.swift */,
				C1CAE76A2586534C00CB60E7 /* ContentCoordinatorEventHandling.swift */,
			);
			path = Coordinator;
			sourceTree = "<group>";
		};
		C1CAE7492586423600CB60E7 /* Coordinator */ = {
			isa = PBXGroup;
			children = (
				C1CAE74A2586424800CB60E7 /* PairingCoordinator.swift */,
				C1CAE754258644FD00CB60E7 /* PairingCoordinatorEventHandling.swift */,
			);
			path = Coordinator;
			sourceTree = "<group>";
		};
		C1CAE76325864B2700CB60E7 /* Persistency */ = {
			isa = PBXGroup;
			children = (
				C1CAE76425864B4600CB60E7 /* Storage.swift */,
				C1CAE76725864B5A00CB60E7 /* AppStorage.swift */,
			);
			path = Persistency;
			sourceTree = "<group>";
		};
		C1CAE76D258653A400CB60E7 /* Store */ = {
			isa = PBXGroup;
			children = (
				C1CAE76E258653B200CB60E7 /* ContentStore.swift */,
				C1CAE771258653C800CB60E7 /* ContentStoring.swift */,
				C1CAE774258653FD00CB60E7 /* MockContentStore.swift */,
			);
			path = Store;
			sourceTree = "<group>";
		};
		C1CAE77A2586561F00CB60E7 /* Store */ = {
			isa = PBXGroup;
			children = (
				C1CAE77B2586562B00CB60E7 /* SettingsStoring.swift */,
				C1CAE77E2586564A00CB60E7 /* SettingsStore.swift */,
				C1CAE7812586565E00CB60E7 /* MockSettingsStore.swift */,
			);
			path = Store;
			sourceTree = "<group>";
		};
		C1CAE78C2586633200CB60E7 /* Device */ = {
			isa = PBXGroup;
			children = (
				C1CAE78D2586634700CB60E7 /* DeviceManaging.swift */,
				C1CAE7912586636300CB60E7 /* DeviceManager.swift */,
			);
			path = Device;
			sourceTree = "<group>";
		};
		C1F36C64258677A2002930B2 /* Navigation */ = {
			isa = PBXGroup;
			children = (
				C1CAE7592586461300CB60E7 /* PairingNavigationView.swift */,
				C1F36C65258677BE002930B2 /* PairingNavigationViewEventHandling.swift */,
			);
			path = Navigation;
			sourceTree = "<group>";
		};
		C1F36C6F25869974002930B2 /* Coordinator */ = {
			isa = PBXGroup;
			children = (
				C1F36C7025869986002930B2 /* SettingsCoordinator.swift */,
				C1F36C732586999C002930B2 /* SettingsCoordinatorEventHandling.swift */,
			);
			path = Coordinator;
			sourceTree = "<group>";
		};
		C1F36C762586A1E6002930B2 /* Coordinator */ = {
			isa = PBXGroup;
			children = (
				C1F36C772586A1FA002930B2 /* ValuesCoordinator.swift */,
				C1F36C7C2586A2BF002930B2 /* ValuesCoordinatorEventHandling.swift */,
			);
			path = Coordinator;
			sourceTree = "<group>";
		};
		D5443120209E95A15E7A7C03 /* Pods */ = {
			isa = PBXGroup;
			children = (
				314A82F4509C07DF597258A0 /* Pods-Rogalo.debug.xcconfig */,
				BEE09EE8BCF9541E40B534B2 /* Pods-Rogalo.release.xcconfig */,
			);
			path = Pods;
			sourceTree = "<group>";
		};
/* End PBXGroup section */

/* Begin PBXNativeTarget section */
		C1B25D7E257D4087006E808C /* Rogalo */ = {
			isa = PBXNativeTarget;
			buildConfigurationList = C1B25D93257D4095006E808C /* Build configuration list for PBXNativeTarget "Rogalo" */;
			buildPhases = (
				44288CCB4A9AD9475E144FAA /* [CP] Check Pods Manifest.lock */,
				C16D9E5725EBA84B009F3ADE /* R.swift */,
				C1B25D7B257D4087006E808C /* Sources */,
				C1B25D7C257D4087006E808C /* Frameworks */,
				C1B25D7D257D4087006E808C /* Resources */,
				C16D9E5E25EBA9FD009F3ADE /* Swiftlint */,
				8FFD5706E3B1BBA6ABC19A67 /* [CP] Embed Pods Frameworks */,
			);
			buildRules = (
			);
			dependencies = (
			);
			name = Rogalo;
			productName = Rogalo;
			productReference = C1B25D7F257D4087006E808C /* Rogalo.app */;
			productType = "com.apple.product-type.application";
		};
/* End PBXNativeTarget section */

/* Begin PBXProject section */
		C1B25D77257D4087006E808C /* Project object */ = {
			isa = PBXProject;
			attributes = {
				LastSwiftUpdateCheck = 1220;
				LastUpgradeCheck = 1220;
				TargetAttributes = {
					C1B25D7E257D4087006E808C = {
						CreatedOnToolsVersion = 12.2;
					};
				};
			};
			buildConfigurationList = C1B25D7A257D4087006E808C /* Build configuration list for PBXProject "Rogalo" */;
			compatibilityVersion = "Xcode 9.3";
			developmentRegion = en;
			hasScannedForEncodings = 0;
			knownRegions = (
				en,
				Base,
				cs,
			);
			mainGroup = C1B25D76257D4087006E808C;
			productRefGroup = C1B25D80257D4087006E808C /* Products */;
			projectDirPath = "";
			projectRoot = "";
			targets = (
				C1B25D7E257D4087006E808C /* Rogalo */,
			);
		};
/* End PBXProject section */

/* Begin PBXResourcesBuildPhase section */
		C1B25D7D257D4087006E808C /* Resources */ = {
			isa = PBXResourcesBuildPhase;
			buildActionMask = 2147483647;
			files = (
				C149F1D425EA4EF200F55965 /* TemperatureRisk-180.m4a in Resources */,
				C13FFE422603E6D000D91BF7 /* ExhaustCritical-600.m4a in Resources */,
				C16D9E6A25EBB1E2009F3ADE /* Localizable.strings in Resources */,
				C149F1D225EA4EF200F55965 /* TemperatureCritical-190.m4a in Resources */,
				C1B25D8F257D4095006E808C /* LaunchScreen.storyboard in Resources */,
				C1B25D89257D4095006E808C /* Assets.xcassets in Resources */,
				C149F1D325EA4EF200F55965 /* TemperatureHighRist-185.m4a in Resources */,
			);
			runOnlyForDeploymentPostprocessing = 0;
		};
/* End PBXResourcesBuildPhase section */

/* Begin PBXShellScriptBuildPhase section */
		44288CCB4A9AD9475E144FAA /* [CP] Check Pods Manifest.lock */ = {
			isa = PBXShellScriptBuildPhase;
			buildActionMask = 2147483647;
			files = (
			);
			inputFileListPaths = (
			);
			inputPaths = (
				"${PODS_PODFILE_DIR_PATH}/Podfile.lock",
				"${PODS_ROOT}/Manifest.lock",
			);
			name = "[CP] Check Pods Manifest.lock";
			outputFileListPaths = (
			);
			outputPaths = (
				"$(DERIVED_FILE_DIR)/Pods-Rogalo-checkManifestLockResult.txt",
			);
			runOnlyForDeploymentPostprocessing = 0;
			shellPath = /bin/sh;
			shellScript = "diff \"${PODS_PODFILE_DIR_PATH}/Podfile.lock\" \"${PODS_ROOT}/Manifest.lock\" > /dev/null\nif [ $? != 0 ] ; then\n    # print error to STDERR\n    echo \"error: The sandbox is not in sync with the Podfile.lock. Run 'pod install' or update your CocoaPods installation.\" >&2\n    exit 1\nfi\n# This output is used by Xcode 'outputs' to avoid re-running this script phase.\necho \"SUCCESS\" > \"${SCRIPT_OUTPUT_FILE_0}\"\n";
			showEnvVarsInLog = 0;
		};
		8FFD5706E3B1BBA6ABC19A67 /* [CP] Embed Pods Frameworks */ = {
			isa = PBXShellScriptBuildPhase;
			buildActionMask = 2147483647;
			files = (
			);
			inputFileListPaths = (
				"${PODS_ROOT}/Target Support Files/Pods-Rogalo/Pods-Rogalo-frameworks-${CONFIGURATION}-input-files.xcfilelist",
			);
			name = "[CP] Embed Pods Frameworks";
			outputFileListPaths = (
				"${PODS_ROOT}/Target Support Files/Pods-Rogalo/Pods-Rogalo-frameworks-${CONFIGURATION}-output-files.xcfilelist",
			);
			runOnlyForDeploymentPostprocessing = 0;
			shellPath = /bin/sh;
			shellScript = "\"${PODS_ROOT}/Target Support Files/Pods-Rogalo/Pods-Rogalo-frameworks.sh\"\n";
			showEnvVarsInLog = 0;
		};
		C16D9E5725EBA84B009F3ADE /* R.swift */ = {
			isa = PBXShellScriptBuildPhase;
			buildActionMask = 2147483647;
			files = (
			);
			inputFileListPaths = (
			);
			inputPaths = (
				"$TEMP_DIR/rswift-lastrun",
			);
			name = R.swift;
			outputFileListPaths = (
			);
			outputPaths = (
				$SRCROOT/Rogalo/Resources/R.generated.swift,
			);
			runOnlyForDeploymentPostprocessing = 0;
			shellPath = /bin/sh;
			shellScript = "\"$PODS_ROOT/R.swift/rswift\" generate \"$SRCROOT/Rogalo/Resources/R.generated.swift\"\n";
		};
		C16D9E5E25EBA9FD009F3ADE /* Swiftlint */ = {
			isa = PBXShellScriptBuildPhase;
			buildActionMask = 2147483647;
			files = (
			);
			inputFileListPaths = (
			);
			inputPaths = (
			);
			name = Swiftlint;
			outputFileListPaths = (
			);
			outputPaths = (
			);
			runOnlyForDeploymentPostprocessing = 0;
			shellPath = /bin/sh;
			shellScript = "podSwiftlint=\"${PODS_ROOT}/SwiftLint/swiftlint\"\n\nif [ -f \"$podSwiftlint\" ]; then\n    $podSwiftlint\nelse\n    echo \"'warning: Cannot find SwiftLint in the expected Cocoapods location.\"\nfi\n";
		};
/* End PBXShellScriptBuildPhase section */

/* Begin PBXSourcesBuildPhase section */
		C1B25D7B257D4087006E808C /* Sources */ = {
			isa = PBXSourcesBuildPhase;
			buildActionMask = 2147483647;
			files = (
				C16D9E7825EBC963009F3ADE /* Rswift+Resources.swift in Sources */,
				C1CAE7522586440700CB60E7 /* ParentCoordinatorContaining.swift in Sources */,
				C155E199257D515300A845B9 /* AppDependency.swift in Sources */,
				C1E617652607EF9F0043934A /* MapTabEventHandling.swift in Sources */,
				C1A4AC3925EBCECA00290AE2 /* AppButton.swift in Sources */,
				C16D9E5C25EBA9B7009F3ADE /* R.generated.swift in Sources */,
				C1036CDD25EBDEC0003A358B /* DeviceState.swift in Sources */,
				C1CA847125F57C5E00D16A23 /* Order.swift in Sources */,
				C182EAED25F53FC1009B2321 /* SettingsAlertHeader.swift in Sources */,
				C16D9E4A25EAC016009F3ADE /* Triangle.swift in Sources */,
				C1E6175E2607EA850043934A /* NotificationAuthorizationStatus+StatusViewModel.swift in Sources */,
				C1CA846D25F56FF400D16A23 /* Battery.swift in Sources */,
				C1CAE76B2586534C00CB60E7 /* ContentCoordinatorEventHandling.swift in Sources */,
				C182EAFE25F5495D009B2321 /* SettingsServicing.swift in Sources */,
				C1E6175B2607E9C10043934A /* DeviceState+StatusViewModel.swift in Sources */,
				C1F36C6D258696F6002930B2 /* SettingsTabEventHandling.swift in Sources */,
				C1E617622607EB290043934A /* LocationAuthorization+StatusViewModel.swift in Sources */,
				C17F05B12607ABD2000E9917 /* MapCoordinator.swift in Sources */,
				C1C6822E260F3B77006E5296 /* ZoomSliderView.swift in Sources */,
				C149F1DB25EA531E00F55965 /* NotificationAuthorizationStatus.swift in Sources */,
				C149F1EA25EA62C100F55965 /* RecordsCoordinator.swift in Sources */,
				C112C733257D7D9200B1F8A9 /* ValuesTab.swift in Sources */,
				C1CAE74225863ED000CB60E7 /* ActiveSceneSession.swift in Sources */,
				C1CAE761258647B300CB60E7 /* PairingStoring.swift in Sources */,
				C16D9E3F25EAA1B6009F3ADE /* DeviceValue.swift in Sources */,
				C17F05D82607C045000E9917 /* MapValue.swift in Sources */,
				C1E617532607E6B20043934A /* StatusViewEvent.swift in Sources */,
				C17F05C02607B26C000E9917 /* LocationAuthorization.swift in Sources */,
				C1A4AC2D25EBCD8400290AE2 /* TextualStyle.swift in Sources */,
				C1CAE73525863B1D00CB60E7 /* AppCoordinatorContaining.swift in Sources */,
				C1036CE325EBE682003A358B /* SettingsView.swift in Sources */,
				C149F1ED25EA62D400F55965 /* RecordsCoordinatorEventHandling.swift in Sources */,
				C1CAE7922586636300CB60E7 /* DeviceManager.swift in Sources */,
				C149F1F425EA637D00F55965 /* RecordsStore.swift in Sources */,
				C1F36C7D2586A2BF002930B2 /* ValuesCoordinatorEventHandling.swift in Sources */,
				C112C72A257D7B0100B1F8A9 /* ValuesView.swift in Sources */,
				C1B25DAA257D437C006E808C /* ContentView.swift in Sources */,
				C182EAFA25F547A3009B2321 /* MockSettingsViewStore.swift in Sources */,
				C16D9E7525EBC8DA009F3ADE /* Color+AppColors.swift in Sources */,
				C1CAE77C2586562B00CB60E7 /* SettingsStoring.swift in Sources */,
				C182EAF025F5455D009B2321 /* SettingsViewStoring.swift in Sources */,
				C1CAE77F2586564A00CB60E7 /* SettingsStore.swift in Sources */,
				C155E191257D4C3E00A845B9 /* Peripheral.swift in Sources */,
				C1E617682607F52D0043934A /* UIKitMapView.swift in Sources */,
				C17F05A02607A841000E9917 /* LocationManager.swift in Sources */,
				C1B25D83257D4087006E808C /* AppDelegate.swift in Sources */,
				C1CAE73125863AD800CB60E7 /* AppCoordinator.swift in Sources */,
				C17F05B42607ABDC000E9917 /* MapCoordinatorEvent.swift in Sources */,
				C17F05AD2607ABB6000E9917 /* MapStore.swift in Sources */,
				C16D9E7125EBB2E2009F3ADE /* LocalizedString.swift in Sources */,
				C1A4AC2625EBCBB200290AE2 /* AppTextStyle.swift in Sources */,
				C1036CF125EBFAFE003A358B /* PeripheralListViewModel.swift in Sources */,
				C16D9E4325EAA488009F3ADE /* Formatters.swift in Sources */,
				C16D9E3425EA979C009F3ADE /* ValueStoring.swift in Sources */,
				C1CAE7822586565E00CB60E7 /* MockSettingsStore.swift in Sources */,
				C1CAE72C25863AAC00CB60E7 /* AppCoordinating.swift in Sources */,
				C16D9E4625EABEA3009F3ADE /* ValueGradientView.swift in Sources */,
				C155E1A1257D733E00A845B9 /* Array+Safe.swift in Sources */,
				C1B25DB8257D48BF006E808C /* BluetoothManaging.swift in Sources */,
				C1F36C66258677BE002930B2 /* PairingNavigationViewEventHandling.swift in Sources */,
				C1F36C6A25867BA2002930B2 /* AppError.swift in Sources */,
				C1B25DA1257D426A006E808C /* PairingStore.swift in Sources */,
				C1CAE775258653FD00CB60E7 /* MockContentStore.swift in Sources */,
				C1CAE76525864B4600CB60E7 /* Storage.swift in Sources */,
				C149F1CC25EA472800F55965 /* TemperatureSignificantValues.swift in Sources */,
				C13FFE452603E72D00D91BF7 /* ExhaustSignificantValues.swift in Sources */,
				C1F36C7125869986002930B2 /* SettingsCoordinator.swift in Sources */,
				C182EAEA25F53E54009B2321 /* SettingsPairedDeviceFooterView.swift in Sources */,
				C1036CEA25EBEF59003A358B /* Constants.swift in Sources */,
				C149F1D825EA51F900F55965 /* NotificationEvent.swift in Sources */,
				C17F05BA2607ACD0000E9917 /* MockMapStore.swift in Sources */,
				C1CAE76F258653B200CB60E7 /* ContentStore.swift in Sources */,
				C149F1E325EA627A00F55965 /* RecordsTab.swift in Sources */,
				C17F05D42607BE2E000E9917 /* DeviceValueStoring.swift in Sources */,
				C1CAE7252586394700CB60E7 /* SceneCoordinator.swift in Sources */,
				C17F05A32607A885000E9917 /* Location.swift in Sources */,
				C1B25DB3257D48A2006E808C /* BluetoothManager.swift in Sources */,
				C17F05D02607BBCF000E9917 /* DeviceValueStore.swift in Sources */,
				C155E19D257D730200A845B9 /* Device.swift in Sources */,
				C155E195257D4FD600A845B9 /* PairingStoreState.swift in Sources */,
				C149F1C525EA455700F55965 /* NotificationManaging.swift in Sources */,
				C13FFE492603E8EF00D91BF7 /* Resource.swift in Sources */,
				C1CAE75E2586478800CB60E7 /* MockPairingStore.swift in Sources */,
				C1CAE74F258643AD00CB60E7 /* ViewCoordinator.swift in Sources */,
				C1B25DAF257D43F9006E808C /* SettingsTab.swift in Sources */,
				C1CAE7852586567D00CB60E7 /* MockValuesStore.swift in Sources */,
				C17F05C82607B9F1000E9917 /* Value.swift in Sources */,
				C149F1F025EA637200F55965 /* RecordsStoring.swift in Sources */,
				C17F059D2607A835000E9917 /* LocationManging.swift in Sources */,
				C133B2F625EA91A200F070C1 /* ValueView.swift in Sources */,
				C1A4AC3225EBCE0200290AE2 /* AppButtonStyle.swift in Sources */,
				C149F1C925EA456E00F55965 /* NotificationManager.swift in Sources */,
				C1CAE73A25863BCB00CB60E7 /* Coordinator.swift in Sources */,
				C17F05C42607B853000E9917 /* MapRenderingView.swift in Sources */,
				C16D9E4E25EAC373009F3ADE /* ValueScale.swift in Sources */,
				C1C68237260F632E006E5296 /* Coordinate.swift in Sources */,
				C1102B67260FBAA500008F82 /* CLLocationCoordinate2D+Equatable.swift in Sources */,
				C17F05A92607ABAD000E9917 /* MapStoring.swift in Sources */,
				C17F2DC7260F689000EE243C /* MapDestinationView.swift in Sources */,
				C16D9E3C25EA9CC9009F3ADE /* StatusView.swift in Sources */,
				C1CAE78E2586634700CB60E7 /* DeviceManaging.swift in Sources */,
				C1CAE76825864B5A00CB60E7 /* AppStorage.swift in Sources */,
				C1CAE74B2586424800CB60E7 /* PairingCoordinator.swift in Sources */,
				C1C68231260F3E3C006E5296 /* MapControlsView.swift in Sources */,
				C1A4AC2325EBCAAF00290AE2 /* AppText.swift in Sources */,
				C1A4AC2925EBCC7700290AE2 /* Text+AppStyles.swift in Sources */,
				C1C6823B260F66A7006E5296 /* MKOverlay+Custom.swift in Sources */,
				C1CAE7292586397100CB60E7 /* SceneCoordinating.swift in Sources */,
				C17F05BD2607AD79000E9917 /* MapView.swift in Sources */,
				C1B25D85257D4087006E808C /* SceneDelegate.swift in Sources */,
				C1CAE75A2586461300CB60E7 /* PairingNavigationView.swift in Sources */,
				C17F05B72607AC61000E9917 /* MapTab.swift in Sources */,
				C112C726257D774B00B1F8A9 /* EngineCharacteristics.swift in Sources */,
				C1036CE625EBE8C8003A358B /* SettingsViewModel.swift in Sources */,
				C1A4AC3625EBCE6300290AE2 /* Button+AppStyles.swift in Sources */,
				C16D9E6325EBABBF009F3ADE /* DeviceValueRange.swift in Sources */,
				C1CAE772258653C800CB60E7 /* ContentStoring.swift in Sources */,
				C182EAF325F54587009B2321 /* SettingsViewStore.swift in Sources */,
				C1CAE778258654F300CB60E7 /* ValuesStoring.swift in Sources */,
				C1F36C782586A1FA002930B2 /* ValuesCoordinator.swift in Sources */,
				C1E61783260A42EA0043934A /* MapRenderingCoordinator.swift in Sources */,
				C149F1F725EA66F700F55965 /* MockRecordsStore.swift in Sources */,
				C1E617582607E8B50043934A /* StatusViewModel.swift in Sources */,
				C1CAE7472586422E00CB60E7 /* ContentCoordinator.swift in Sources */,
				C1036CE025EBE575003A358B /* ViewWithBackgroundStyle.swift in Sources */,
				C182EB0125F54967009B2321 /* SettingsService.swift in Sources */,
				C1B25D87257D4087006E808C /* PeripheralListView.swift in Sources */,
				C1F36C742586999C002930B2 /* SettingsCoordinatorEventHandling.swift in Sources */,
				C1CAE755258644FD00CB60E7 /* PairingCoordinatorEventHandling.swift in Sources */,
				C110F7C72625ADB900AEF267 /* MapTypePickerView.swift in Sources */,
				C133B2FA25EA91C500F070C1 /* ValueStore.swift in Sources */,
				C149F1E725EA628900F55965 /* RecordsView.swift in Sources */,
				C1CAE73E25863CFA00CB60E7 /* DependencyContainer.swift in Sources */,
				C112C72F257D7B2000B1F8A9 /* ValuesStore.swift in Sources */,
			);
			runOnlyForDeploymentPostprocessing = 0;
		};
/* End PBXSourcesBuildPhase section */

/* Begin PBXVariantGroup section */
		C16D9E6C25EBB1E2009F3ADE /* Localizable.strings */ = {
			isa = PBXVariantGroup;
			children = (
				C16D9E6B25EBB1E2009F3ADE /* en */,
				C16D9E6E25EBB20B009F3ADE /* cs */,
			);
			name = Localizable.strings;
			sourceTree = "<group>";
		};
		C1B25D8D257D4095006E808C /* LaunchScreen.storyboard */ = {
			isa = PBXVariantGroup;
			children = (
				C1B25D8E257D4095006E808C /* Base */,
			);
			name = LaunchScreen.storyboard;
			sourceTree = "<group>";
		};
/* End PBXVariantGroup section */

/* Begin XCBuildConfiguration section */
		C1B25D91257D4095006E808C /* Debug */ = {
			isa = XCBuildConfiguration;
			buildSettings = {
				ALWAYS_SEARCH_USER_PATHS = NO;
				CLANG_ANALYZER_LOCALIZABILITY_NONLOCALIZED = YES;
				CLANG_ANALYZER_NONNULL = YES;
				CLANG_ANALYZER_NUMBER_OBJECT_CONVERSION = YES_AGGRESSIVE;
				CLANG_CXX_LANGUAGE_STANDARD = "gnu++14";
				CLANG_CXX_LIBRARY = "libc++";
				CLANG_ENABLE_MODULES = YES;
				CLANG_ENABLE_OBJC_ARC = YES;
				CLANG_ENABLE_OBJC_WEAK = YES;
				CLANG_WARN_BLOCK_CAPTURE_AUTORELEASING = YES;
				CLANG_WARN_BOOL_CONVERSION = YES;
				CLANG_WARN_COMMA = YES;
				CLANG_WARN_CONSTANT_CONVERSION = YES;
				CLANG_WARN_DEPRECATED_OBJC_IMPLEMENTATIONS = YES;
				CLANG_WARN_DIRECT_OBJC_ISA_USAGE = YES_ERROR;
				CLANG_WARN_DOCUMENTATION_COMMENTS = YES;
				CLANG_WARN_EMPTY_BODY = YES;
				CLANG_WARN_ENUM_CONVERSION = YES;
				CLANG_WARN_INFINITE_RECURSION = YES;
				CLANG_WARN_INT_CONVERSION = YES;
				CLANG_WARN_NON_LITERAL_NULL_CONVERSION = YES;
				CLANG_WARN_OBJC_IMPLICIT_RETAIN_SELF = YES;
				CLANG_WARN_OBJC_LITERAL_CONVERSION = YES;
				CLANG_WARN_OBJC_ROOT_CLASS = YES_ERROR;
				CLANG_WARN_QUOTED_INCLUDE_IN_FRAMEWORK_HEADER = YES;
				CLANG_WARN_RANGE_LOOP_ANALYSIS = YES;
				CLANG_WARN_STRICT_PROTOTYPES = YES;
				CLANG_WARN_SUSPICIOUS_MOVE = YES;
				CLANG_WARN_UNGUARDED_AVAILABILITY = YES_AGGRESSIVE;
				CLANG_WARN_UNREACHABLE_CODE = YES;
				CLANG_WARN__DUPLICATE_METHOD_MATCH = YES;
				COPY_PHASE_STRIP = NO;
				DEBUG_INFORMATION_FORMAT = dwarf;
				ENABLE_STRICT_OBJC_MSGSEND = YES;
				ENABLE_TESTABILITY = YES;
				GCC_C_LANGUAGE_STANDARD = gnu11;
				GCC_DYNAMIC_NO_PIC = NO;
				GCC_NO_COMMON_BLOCKS = YES;
				GCC_OPTIMIZATION_LEVEL = 0;
				GCC_PREPROCESSOR_DEFINITIONS = (
					"DEBUG=1",
					"$(inherited)",
				);
				GCC_WARN_64_TO_32_BIT_CONVERSION = YES;
				GCC_WARN_ABOUT_RETURN_TYPE = YES_ERROR;
				GCC_WARN_UNDECLARED_SELECTOR = YES;
				GCC_WARN_UNINITIALIZED_AUTOS = YES_AGGRESSIVE;
				GCC_WARN_UNUSED_FUNCTION = YES;
				GCC_WARN_UNUSED_VARIABLE = YES;
				IPHONEOS_DEPLOYMENT_TARGET = 13.0;
				MTL_ENABLE_DEBUG_INFO = INCLUDE_SOURCE;
				MTL_FAST_MATH = YES;
				ONLY_ACTIVE_ARCH = YES;
				SDKROOT = iphoneos;
				SWIFT_ACTIVE_COMPILATION_CONDITIONS = DEBUG;
				SWIFT_OPTIMIZATION_LEVEL = "-Onone";
			};
			name = Debug;
		};
		C1B25D92257D4095006E808C /* Release */ = {
			isa = XCBuildConfiguration;
			buildSettings = {
				ALWAYS_SEARCH_USER_PATHS = NO;
				CLANG_ANALYZER_LOCALIZABILITY_NONLOCALIZED = YES;
				CLANG_ANALYZER_NONNULL = YES;
				CLANG_ANALYZER_NUMBER_OBJECT_CONVERSION = YES_AGGRESSIVE;
				CLANG_CXX_LANGUAGE_STANDARD = "gnu++14";
				CLANG_CXX_LIBRARY = "libc++";
				CLANG_ENABLE_MODULES = YES;
				CLANG_ENABLE_OBJC_ARC = YES;
				CLANG_ENABLE_OBJC_WEAK = YES;
				CLANG_WARN_BLOCK_CAPTURE_AUTORELEASING = YES;
				CLANG_WARN_BOOL_CONVERSION = YES;
				CLANG_WARN_COMMA = YES;
				CLANG_WARN_CONSTANT_CONVERSION = YES;
				CLANG_WARN_DEPRECATED_OBJC_IMPLEMENTATIONS = YES;
				CLANG_WARN_DIRECT_OBJC_ISA_USAGE = YES_ERROR;
				CLANG_WARN_DOCUMENTATION_COMMENTS = YES;
				CLANG_WARN_EMPTY_BODY = YES;
				CLANG_WARN_ENUM_CONVERSION = YES;
				CLANG_WARN_INFINITE_RECURSION = YES;
				CLANG_WARN_INT_CONVERSION = YES;
				CLANG_WARN_NON_LITERAL_NULL_CONVERSION = YES;
				CLANG_WARN_OBJC_IMPLICIT_RETAIN_SELF = YES;
				CLANG_WARN_OBJC_LITERAL_CONVERSION = YES;
				CLANG_WARN_OBJC_ROOT_CLASS = YES_ERROR;
				CLANG_WARN_QUOTED_INCLUDE_IN_FRAMEWORK_HEADER = YES;
				CLANG_WARN_RANGE_LOOP_ANALYSIS = YES;
				CLANG_WARN_STRICT_PROTOTYPES = YES;
				CLANG_WARN_SUSPICIOUS_MOVE = YES;
				CLANG_WARN_UNGUARDED_AVAILABILITY = YES_AGGRESSIVE;
				CLANG_WARN_UNREACHABLE_CODE = YES;
				CLANG_WARN__DUPLICATE_METHOD_MATCH = YES;
				COPY_PHASE_STRIP = NO;
				DEBUG_INFORMATION_FORMAT = "dwarf-with-dsym";
				ENABLE_NS_ASSERTIONS = NO;
				ENABLE_STRICT_OBJC_MSGSEND = YES;
				GCC_C_LANGUAGE_STANDARD = gnu11;
				GCC_NO_COMMON_BLOCKS = YES;
				GCC_WARN_64_TO_32_BIT_CONVERSION = YES;
				GCC_WARN_ABOUT_RETURN_TYPE = YES_ERROR;
				GCC_WARN_UNDECLARED_SELECTOR = YES;
				GCC_WARN_UNINITIALIZED_AUTOS = YES_AGGRESSIVE;
				GCC_WARN_UNUSED_FUNCTION = YES;
				GCC_WARN_UNUSED_VARIABLE = YES;
				IPHONEOS_DEPLOYMENT_TARGET = 13.0;
				MTL_ENABLE_DEBUG_INFO = NO;
				MTL_FAST_MATH = YES;
				SDKROOT = iphoneos;
				SWIFT_COMPILATION_MODE = wholemodule;
				SWIFT_OPTIMIZATION_LEVEL = "-O";
				VALIDATE_PRODUCT = YES;
			};
			name = Release;
		};
		C1B25D94257D4095006E808C /* Debug */ = {
			isa = XCBuildConfiguration;
			baseConfigurationReference = 314A82F4509C07DF597258A0 /* Pods-Rogalo.debug.xcconfig */;
			buildSettings = {
				ASSETCATALOG_COMPILER_APPICON_NAME = AppIcon;
				ASSETCATALOG_COMPILER_GLOBAL_ACCENT_COLOR_NAME = BackgroundColor;
				CODE_SIGN_IDENTITY = "Apple Development: Jan Pacek (XT97TS9CAT)";
				CODE_SIGN_STYLE = Manual;
				CURRENT_PROJECT_VERSION = 5;
				DEVELOPMENT_TEAM = D6532TRNCE;
				ENABLE_PREVIEWS = YES;
				INFOPLIST_FILE = Rogalo/Resources/Info.plist;
				LD_RUNPATH_SEARCH_PATHS = (
					"$(inherited)",
					"@executable_path/Frameworks",
				);
				PRODUCT_BUNDLE_IDENTIFIER = enterprise.com.strv.test.rogalo.Rogalo;
				PRODUCT_NAME = "$(TARGET_NAME)";
				PROVISIONING_PROFILE_SPECIFIER = "match Development enterprise.com.strv.*";
				SWIFT_VERSION = 5.0;
				TARGETED_DEVICE_FAMILY = "1,2";
			};
			name = Debug;
		};
		C1B25D95257D4095006E808C /* Release */ = {
			isa = XCBuildConfiguration;
			baseConfigurationReference = BEE09EE8BCF9541E40B534B2 /* Pods-Rogalo.release.xcconfig */;
			buildSettings = {
				ASSETCATALOG_COMPILER_APPICON_NAME = AppIcon;
				ASSETCATALOG_COMPILER_GLOBAL_ACCENT_COLOR_NAME = BackgroundColor;
				CODE_SIGN_IDENTITY = "iPhone Distribution: STRV s.r.o.";
				CODE_SIGN_STYLE = Manual;
				CURRENT_PROJECT_VERSION = 5;
				DEVELOPMENT_TEAM = D6532TRNCE;
				ENABLE_PREVIEWS = YES;
				INFOPLIST_FILE = Rogalo/Resources/Info.plist;
				LD_RUNPATH_SEARCH_PATHS = (
					"$(inherited)",
					"@executable_path/Frameworks",
				);
				PRODUCT_BUNDLE_IDENTIFIER = enterprise.com.strv.test.rogalo.Rogalo;
				PRODUCT_NAME = "$(TARGET_NAME)";
				PROVISIONING_PROFILE_SPECIFIER = "match InHouse enterprise.com.strv.*";
				SWIFT_VERSION = 5.0;
				TARGETED_DEVICE_FAMILY = "1,2";
			};
			name = Release;
		};
/* End XCBuildConfiguration section */

/* Begin XCConfigurationList section */
		C1B25D7A257D4087006E808C /* Build configuration list for PBXProject "Rogalo" */ = {
			isa = XCConfigurationList;
			buildConfigurations = (
				C1B25D91257D4095006E808C /* Debug */,
				C1B25D92257D4095006E808C /* Release */,
			);
			defaultConfigurationIsVisible = 0;
			defaultConfigurationName = Release;
		};
		C1B25D93257D4095006E808C /* Build configuration list for PBXNativeTarget "Rogalo" */ = {
			isa = XCConfigurationList;
			buildConfigurations = (
				C1B25D94257D4095006E808C /* Debug */,
				C1B25D95257D4095006E808C /* Release */,
			);
			defaultConfigurationIsVisible = 0;
			defaultConfigurationName = Release;
		};
/* End XCConfigurationList section */
	};
	rootObject = C1B25D77257D4087006E808C /* Project object */;
}
