// !$*UTF8*$!
{
	archiveVersion = 1;
	classes = {
	};
	objectVersion = 50;
	objects = {

/* Begin PBXBuildFile section */
		C112C726257D774B00B1F8A9 /* EngineCharacteristics.swift in Sources */ = {isa = PBXBuildFile; fileRef = C112C725257D774B00B1F8A9 /* EngineCharacteristics.swift */; };
		C112C72A257D7B0100B1F8A9 /* ValuesView.swift in Sources */ = {isa = PBXBuildFile; fileRef = C112C729257D7B0100B1F8A9 /* ValuesView.swift */; };
		C112C72F257D7B2000B1F8A9 /* ValuesStore.swift in Sources */ = {isa = PBXBuildFile; fileRef = C112C72E257D7B2000B1F8A9 /* ValuesStore.swift */; };
		C112C733257D7D9200B1F8A9 /* ValuesTab.swift in Sources */ = {isa = PBXBuildFile; fileRef = C112C732257D7D9200B1F8A9 /* ValuesTab.swift */; };
		C133B2F625EA91A200F070C1 /* CharacteristicView.swift in Sources */ = {isa = PBXBuildFile; fileRef = C133B2F525EA91A200F070C1 /* CharacteristicView.swift */; };
		C133B2FA25EA91C500F070C1 /* CharacteristicStore.swift in Sources */ = {isa = PBXBuildFile; fileRef = C133B2F925EA91C500F070C1 /* CharacteristicStore.swift */; };
		C149F1C525EA455700F55965 /* NotificationManaging.swift in Sources */ = {isa = PBXBuildFile; fileRef = C149F1C425EA455700F55965 /* NotificationManaging.swift */; };
		C149F1C925EA456E00F55965 /* NotificationManager.swift in Sources */ = {isa = PBXBuildFile; fileRef = C149F1C825EA456E00F55965 /* NotificationManager.swift */; };
		C149F1CC25EA472800F55965 /* TemperatureSignificantValues.swift in Sources */ = {isa = PBXBuildFile; fileRef = C149F1CB25EA472800F55965 /* TemperatureSignificantValues.swift */; };
		C149F1D225EA4EF200F55965 /* 190.m4a in Resources */ = {isa = PBXBuildFile; fileRef = C149F1CF25EA4EF200F55965 /* 190.m4a */; };
		C149F1D325EA4EF200F55965 /* 185.m4a in Resources */ = {isa = PBXBuildFile; fileRef = C149F1D025EA4EF200F55965 /* 185.m4a */; };
		C149F1D425EA4EF200F55965 /* 180.m4a in Resources */ = {isa = PBXBuildFile; fileRef = C149F1D125EA4EF200F55965 /* 180.m4a */; };
		C149F1D825EA51F900F55965 /* NotificationEvent.swift in Sources */ = {isa = PBXBuildFile; fileRef = C149F1D725EA51F900F55965 /* NotificationEvent.swift */; };
		C149F1DB25EA531E00F55965 /* NotificationAuthorizationStatus.swift in Sources */ = {isa = PBXBuildFile; fileRef = C149F1DA25EA531E00F55965 /* NotificationAuthorizationStatus.swift */; };
		C149F1E325EA627A00F55965 /* RecordsTab.swift in Sources */ = {isa = PBXBuildFile; fileRef = C149F1E225EA627A00F55965 /* RecordsTab.swift */; };
		C149F1E725EA628900F55965 /* RecordsView.swift in Sources */ = {isa = PBXBuildFile; fileRef = C149F1E625EA628900F55965 /* RecordsView.swift */; };
		C149F1EA25EA62C100F55965 /* RecordsCoordinator.swift in Sources */ = {isa = PBXBuildFile; fileRef = C149F1E925EA62C100F55965 /* RecordsCoordinator.swift */; };
		C149F1ED25EA62D400F55965 /* RecordsCoordinatorEventHandling.swift in Sources */ = {isa = PBXBuildFile; fileRef = C149F1EC25EA62D400F55965 /* RecordsCoordinatorEventHandling.swift */; };
		C149F1F025EA637200F55965 /* RecordsStoring.swift in Sources */ = {isa = PBXBuildFile; fileRef = C149F1EF25EA637200F55965 /* RecordsStoring.swift */; };
		C149F1F425EA637D00F55965 /* RecordsStore.swift in Sources */ = {isa = PBXBuildFile; fileRef = C149F1F325EA637D00F55965 /* RecordsStore.swift */; };
		C149F1F725EA66F700F55965 /* MockRecordsStore.swift in Sources */ = {isa = PBXBuildFile; fileRef = C149F1F625EA66F700F55965 /* MockRecordsStore.swift */; };
		C155E191257D4C3E00A845B9 /* Peripheral.swift in Sources */ = {isa = PBXBuildFile; fileRef = C155E190257D4C3E00A845B9 /* Peripheral.swift */; };
		C155E195257D4FD600A845B9 /* PairingStoreState.swift in Sources */ = {isa = PBXBuildFile; fileRef = C155E194257D4FD600A845B9 /* PairingStoreState.swift */; };
		C155E199257D515300A845B9 /* AppDependency.swift in Sources */ = {isa = PBXBuildFile; fileRef = C155E198257D515300A845B9 /* AppDependency.swift */; };
		C155E19D257D730200A845B9 /* Device.swift in Sources */ = {isa = PBXBuildFile; fileRef = C155E19C257D730200A845B9 /* Device.swift */; };
		C155E1A1257D733E00A845B9 /* Array+Safe.swift in Sources */ = {isa = PBXBuildFile; fileRef = C155E1A0257D733E00A845B9 /* Array+Safe.swift */; };
		C16D9E3425EA979C009F3ADE /* CharacteristicStoring.swift in Sources */ = {isa = PBXBuildFile; fileRef = C16D9E3325EA979C009F3ADE /* CharacteristicStoring.swift */; };
		C16D9E3C25EA9CC9009F3ADE /* ConnectionStateView.swift in Sources */ = {isa = PBXBuildFile; fileRef = C16D9E3B25EA9CC9009F3ADE /* ConnectionStateView.swift */; };
		C16D9E3F25EAA1B6009F3ADE /* DeviceValue.swift in Sources */ = {isa = PBXBuildFile; fileRef = C16D9E3E25EAA1B6009F3ADE /* DeviceValue.swift */; };
		C16D9E4325EAA488009F3ADE /* Formatters.swift in Sources */ = {isa = PBXBuildFile; fileRef = C16D9E4225EAA488009F3ADE /* Formatters.swift */; };
		C16D9E4625EABEA3009F3ADE /* CharacteristicGradientView.swift in Sources */ = {isa = PBXBuildFile; fileRef = C16D9E4525EABEA3009F3ADE /* CharacteristicGradientView.swift */; };
		C16D9E4A25EAC016009F3ADE /* Triangle.swift in Sources */ = {isa = PBXBuildFile; fileRef = C16D9E4925EAC016009F3ADE /* Triangle.swift */; };
		C16D9E4E25EAC373009F3ADE /* CharacteristicScale.swift in Sources */ = {isa = PBXBuildFile; fileRef = C16D9E4D25EAC373009F3ADE /* CharacteristicScale.swift */; };
		C1B25D83257D4087006E808C /* AppDelegate.swift in Sources */ = {isa = PBXBuildFile; fileRef = C1B25D82257D4087006E808C /* AppDelegate.swift */; };
		C1B25D85257D4087006E808C /* SceneDelegate.swift in Sources */ = {isa = PBXBuildFile; fileRef = C1B25D84257D4087006E808C /* SceneDelegate.swift */; };
		C1B25D87257D4087006E808C /* PeripheralListView.swift in Sources */ = {isa = PBXBuildFile; fileRef = C1B25D86257D4087006E808C /* PeripheralListView.swift */; };
		C1B25D89257D4095006E808C /* Assets.xcassets in Resources */ = {isa = PBXBuildFile; fileRef = C1B25D88257D4095006E808C /* Assets.xcassets */; };
		C1B25D8F257D4095006E808C /* LaunchScreen.storyboard in Resources */ = {isa = PBXBuildFile; fileRef = C1B25D8D257D4095006E808C /* LaunchScreen.storyboard */; };
		C1B25DA1257D426A006E808C /* PairingStore.swift in Sources */ = {isa = PBXBuildFile; fileRef = C1B25DA0257D426A006E808C /* PairingStore.swift */; };
		C1B25DAA257D437C006E808C /* ContentView.swift in Sources */ = {isa = PBXBuildFile; fileRef = C1B25DA9257D437C006E808C /* ContentView.swift */; };
		C1B25DAF257D43F9006E808C /* SettingsTab.swift in Sources */ = {isa = PBXBuildFile; fileRef = C1B25DAE257D43F9006E808C /* SettingsTab.swift */; };
		C1B25DB3257D48A2006E808C /* BluetoothManager.swift in Sources */ = {isa = PBXBuildFile; fileRef = C1B25DB2257D48A2006E808C /* BluetoothManager.swift */; };
		C1B25DB8257D48BF006E808C /* BluetoothManaging.swift in Sources */ = {isa = PBXBuildFile; fileRef = C1B25DB7257D48BF006E808C /* BluetoothManaging.swift */; };
		C1CAE7252586394700CB60E7 /* SceneCoordinator.swift in Sources */ = {isa = PBXBuildFile; fileRef = C1CAE7242586394700CB60E7 /* SceneCoordinator.swift */; };
		C1CAE7292586397100CB60E7 /* SceneCoordinating.swift in Sources */ = {isa = PBXBuildFile; fileRef = C1CAE7282586397100CB60E7 /* SceneCoordinating.swift */; };
		C1CAE72C25863AAC00CB60E7 /* AppCoordinating.swift in Sources */ = {isa = PBXBuildFile; fileRef = C1CAE72B25863AAC00CB60E7 /* AppCoordinating.swift */; };
		C1CAE73125863AD800CB60E7 /* AppCoordinator.swift in Sources */ = {isa = PBXBuildFile; fileRef = C1CAE73025863AD800CB60E7 /* AppCoordinator.swift */; };
		C1CAE73525863B1D00CB60E7 /* AppCoordinatorContaining.swift in Sources */ = {isa = PBXBuildFile; fileRef = C1CAE73425863B1D00CB60E7 /* AppCoordinatorContaining.swift */; };
		C1CAE73A25863BCB00CB60E7 /* Coordinator.swift in Sources */ = {isa = PBXBuildFile; fileRef = C1CAE73925863BCB00CB60E7 /* Coordinator.swift */; };
		C1CAE73E25863CFA00CB60E7 /* DependencyContainer.swift in Sources */ = {isa = PBXBuildFile; fileRef = C1CAE73D25863CFA00CB60E7 /* DependencyContainer.swift */; };
		C1CAE74225863ED000CB60E7 /* ActiveSceneSession.swift in Sources */ = {isa = PBXBuildFile; fileRef = C1CAE74125863ED000CB60E7 /* ActiveSceneSession.swift */; };
		C1CAE7472586422E00CB60E7 /* ContentCoordinator.swift in Sources */ = {isa = PBXBuildFile; fileRef = C1CAE7462586422E00CB60E7 /* ContentCoordinator.swift */; };
		C1CAE74B2586424800CB60E7 /* PairingCoordinator.swift in Sources */ = {isa = PBXBuildFile; fileRef = C1CAE74A2586424800CB60E7 /* PairingCoordinator.swift */; };
		C1CAE74F258643AD00CB60E7 /* ViewCoordinator.swift in Sources */ = {isa = PBXBuildFile; fileRef = C1CAE74E258643AD00CB60E7 /* ViewCoordinator.swift */; };
		C1CAE7522586440700CB60E7 /* ParentCoordinatorContaining.swift in Sources */ = {isa = PBXBuildFile; fileRef = C1CAE7512586440700CB60E7 /* ParentCoordinatorContaining.swift */; };
		C1CAE755258644FD00CB60E7 /* PairingCoordinatorEventHandling.swift in Sources */ = {isa = PBXBuildFile; fileRef = C1CAE754258644FD00CB60E7 /* PairingCoordinatorEventHandling.swift */; };
		C1CAE75A2586461300CB60E7 /* PairingNavigationView.swift in Sources */ = {isa = PBXBuildFile; fileRef = C1CAE7592586461300CB60E7 /* PairingNavigationView.swift */; };
		C1CAE75E2586478800CB60E7 /* MockPairingStore.swift in Sources */ = {isa = PBXBuildFile; fileRef = C1CAE75D2586478800CB60E7 /* MockPairingStore.swift */; };
		C1CAE761258647B300CB60E7 /* PairingStoring.swift in Sources */ = {isa = PBXBuildFile; fileRef = C1CAE760258647B300CB60E7 /* PairingStoring.swift */; };
		C1CAE76525864B4600CB60E7 /* Storage.swift in Sources */ = {isa = PBXBuildFile; fileRef = C1CAE76425864B4600CB60E7 /* Storage.swift */; };
		C1CAE76825864B5A00CB60E7 /* AppStorage.swift in Sources */ = {isa = PBXBuildFile; fileRef = C1CAE76725864B5A00CB60E7 /* AppStorage.swift */; };
		C1CAE76B2586534C00CB60E7 /* ContentCoordinatorEventHandling.swift in Sources */ = {isa = PBXBuildFile; fileRef = C1CAE76A2586534C00CB60E7 /* ContentCoordinatorEventHandling.swift */; };
		C1CAE76F258653B200CB60E7 /* ContentStore.swift in Sources */ = {isa = PBXBuildFile; fileRef = C1CAE76E258653B200CB60E7 /* ContentStore.swift */; };
		C1CAE772258653C800CB60E7 /* ContentStoring.swift in Sources */ = {isa = PBXBuildFile; fileRef = C1CAE771258653C800CB60E7 /* ContentStoring.swift */; };
		C1CAE775258653FD00CB60E7 /* MockContentStore.swift in Sources */ = {isa = PBXBuildFile; fileRef = C1CAE774258653FD00CB60E7 /* MockContentStore.swift */; };
		C1CAE778258654F300CB60E7 /* ValuesStoring.swift in Sources */ = {isa = PBXBuildFile; fileRef = C1CAE777258654F300CB60E7 /* ValuesStoring.swift */; };
		C1CAE77C2586562B00CB60E7 /* SettingsStoring.swift in Sources */ = {isa = PBXBuildFile; fileRef = C1CAE77B2586562B00CB60E7 /* SettingsStoring.swift */; };
		C1CAE77F2586564A00CB60E7 /* SettingsStore.swift in Sources */ = {isa = PBXBuildFile; fileRef = C1CAE77E2586564A00CB60E7 /* SettingsStore.swift */; };
		C1CAE7822586565E00CB60E7 /* MockSettingsStore.swift in Sources */ = {isa = PBXBuildFile; fileRef = C1CAE7812586565E00CB60E7 /* MockSettingsStore.swift */; };
		C1CAE7852586567D00CB60E7 /* MockValuesStore.swift in Sources */ = {isa = PBXBuildFile; fileRef = C1CAE7842586567D00CB60E7 /* MockValuesStore.swift */; };
		C1CAE78E2586634700CB60E7 /* DeviceManaging.swift in Sources */ = {isa = PBXBuildFile; fileRef = C1CAE78D2586634700CB60E7 /* DeviceManaging.swift */; };
		C1CAE7922586636300CB60E7 /* DeviceManager.swift in Sources */ = {isa = PBXBuildFile; fileRef = C1CAE7912586636300CB60E7 /* DeviceManager.swift */; };
		C1F36C66258677BE002930B2 /* PairingNavigationViewEventHandling.swift in Sources */ = {isa = PBXBuildFile; fileRef = C1F36C65258677BE002930B2 /* PairingNavigationViewEventHandling.swift */; };
		C1F36C6A25867BA2002930B2 /* AppError.swift in Sources */ = {isa = PBXBuildFile; fileRef = C1F36C6925867BA2002930B2 /* AppError.swift */; };
		C1F36C6D258696F6002930B2 /* SettingsTabEventHandling.swift in Sources */ = {isa = PBXBuildFile; fileRef = C1F36C6C258696F6002930B2 /* SettingsTabEventHandling.swift */; };
		C1F36C7125869986002930B2 /* SettingsCoordinator.swift in Sources */ = {isa = PBXBuildFile; fileRef = C1F36C7025869986002930B2 /* SettingsCoordinator.swift */; };
		C1F36C742586999C002930B2 /* SettingsCoordinatorEventHandling.swift in Sources */ = {isa = PBXBuildFile; fileRef = C1F36C732586999C002930B2 /* SettingsCoordinatorEventHandling.swift */; };
		C1F36C782586A1FA002930B2 /* ValuesCoordinator.swift in Sources */ = {isa = PBXBuildFile; fileRef = C1F36C772586A1FA002930B2 /* ValuesCoordinator.swift */; };
		C1F36C7D2586A2BF002930B2 /* ValuesCoordinatorEventHandling.swift in Sources */ = {isa = PBXBuildFile; fileRef = C1F36C7C2586A2BF002930B2 /* ValuesCoordinatorEventHandling.swift */; };
/* End PBXBuildFile section */

/* Begin PBXFileReference section */
		C112C725257D774B00B1F8A9 /* EngineCharacteristics.swift */ = {isa = PBXFileReference; lastKnownFileType = sourcecode.swift; path = EngineCharacteristics.swift; sourceTree = "<group>"; };
		C112C729257D7B0100B1F8A9 /* ValuesView.swift */ = {isa = PBXFileReference; lastKnownFileType = sourcecode.swift; path = ValuesView.swift; sourceTree = "<group>"; };
		C112C72E257D7B2000B1F8A9 /* ValuesStore.swift */ = {isa = PBXFileReference; lastKnownFileType = sourcecode.swift; path = ValuesStore.swift; sourceTree = "<group>"; };
		C112C732257D7D9200B1F8A9 /* ValuesTab.swift */ = {isa = PBXFileReference; lastKnownFileType = sourcecode.swift; path = ValuesTab.swift; sourceTree = "<group>"; };
		C133B2F525EA91A200F070C1 /* CharacteristicView.swift */ = {isa = PBXFileReference; lastKnownFileType = sourcecode.swift; path = CharacteristicView.swift; sourceTree = "<group>"; };
		C133B2F925EA91C500F070C1 /* CharacteristicStore.swift */ = {isa = PBXFileReference; lastKnownFileType = sourcecode.swift; path = CharacteristicStore.swift; sourceTree = "<group>"; };
		C149F1C425EA455700F55965 /* NotificationManaging.swift */ = {isa = PBXFileReference; lastKnownFileType = sourcecode.swift; path = NotificationManaging.swift; sourceTree = "<group>"; };
		C149F1C825EA456E00F55965 /* NotificationManager.swift */ = {isa = PBXFileReference; lastKnownFileType = sourcecode.swift; path = NotificationManager.swift; sourceTree = "<group>"; };
		C149F1CB25EA472800F55965 /* TemperatureSignificantValues.swift */ = {isa = PBXFileReference; lastKnownFileType = sourcecode.swift; path = TemperatureSignificantValues.swift; sourceTree = "<group>"; };
		C149F1CF25EA4EF200F55965 /* 190.m4a */ = {isa = PBXFileReference; lastKnownFileType = file; path = 190.m4a; sourceTree = "<group>"; };
		C149F1D025EA4EF200F55965 /* 185.m4a */ = {isa = PBXFileReference; lastKnownFileType = file; path = 185.m4a; sourceTree = "<group>"; };
		C149F1D125EA4EF200F55965 /* 180.m4a */ = {isa = PBXFileReference; lastKnownFileType = file; path = 180.m4a; sourceTree = "<group>"; };
		C149F1D725EA51F900F55965 /* NotificationEvent.swift */ = {isa = PBXFileReference; lastKnownFileType = sourcecode.swift; path = NotificationEvent.swift; sourceTree = "<group>"; };
		C149F1DA25EA531E00F55965 /* NotificationAuthorizationStatus.swift */ = {isa = PBXFileReference; lastKnownFileType = sourcecode.swift; path = NotificationAuthorizationStatus.swift; sourceTree = "<group>"; };
		C149F1E225EA627A00F55965 /* RecordsTab.swift */ = {isa = PBXFileReference; lastKnownFileType = sourcecode.swift; path = RecordsTab.swift; sourceTree = "<group>"; };
		C149F1E625EA628900F55965 /* RecordsView.swift */ = {isa = PBXFileReference; lastKnownFileType = sourcecode.swift; path = RecordsView.swift; sourceTree = "<group>"; };
		C149F1E925EA62C100F55965 /* RecordsCoordinator.swift */ = {isa = PBXFileReference; lastKnownFileType = sourcecode.swift; path = RecordsCoordinator.swift; sourceTree = "<group>"; };
		C149F1EC25EA62D400F55965 /* RecordsCoordinatorEventHandling.swift */ = {isa = PBXFileReference; lastKnownFileType = sourcecode.swift; path = RecordsCoordinatorEventHandling.swift; sourceTree = "<group>"; };
		C149F1EF25EA637200F55965 /* RecordsStoring.swift */ = {isa = PBXFileReference; lastKnownFileType = sourcecode.swift; path = RecordsStoring.swift; sourceTree = "<group>"; };
		C149F1F325EA637D00F55965 /* RecordsStore.swift */ = {isa = PBXFileReference; lastKnownFileType = sourcecode.swift; path = RecordsStore.swift; sourceTree = "<group>"; };
		C149F1F625EA66F700F55965 /* MockRecordsStore.swift */ = {isa = PBXFileReference; lastKnownFileType = sourcecode.swift; path = MockRecordsStore.swift; sourceTree = "<group>"; };
		C155E190257D4C3E00A845B9 /* Peripheral.swift */ = {isa = PBXFileReference; lastKnownFileType = sourcecode.swift; path = Peripheral.swift; sourceTree = "<group>"; };
		C155E194257D4FD600A845B9 /* PairingStoreState.swift */ = {isa = PBXFileReference; lastKnownFileType = sourcecode.swift; path = PairingStoreState.swift; sourceTree = "<group>"; };
		C155E198257D515300A845B9 /* AppDependency.swift */ = {isa = PBXFileReference; lastKnownFileType = sourcecode.swift; path = AppDependency.swift; sourceTree = "<group>"; };
		C155E19C257D730200A845B9 /* Device.swift */ = {isa = PBXFileReference; lastKnownFileType = sourcecode.swift; path = Device.swift; sourceTree = "<group>"; };
		C155E1A0257D733E00A845B9 /* Array+Safe.swift */ = {isa = PBXFileReference; lastKnownFileType = sourcecode.swift; path = "Array+Safe.swift"; sourceTree = "<group>"; };
		C16D9E3325EA979C009F3ADE /* CharacteristicStoring.swift */ = {isa = PBXFileReference; lastKnownFileType = sourcecode.swift; path = CharacteristicStoring.swift; sourceTree = "<group>"; };
		C16D9E3B25EA9CC9009F3ADE /* ConnectionStateView.swift */ = {isa = PBXFileReference; lastKnownFileType = sourcecode.swift; path = ConnectionStateView.swift; sourceTree = "<group>"; };
		C16D9E3E25EAA1B6009F3ADE /* DeviceValue.swift */ = {isa = PBXFileReference; lastKnownFileType = sourcecode.swift; path = DeviceValue.swift; sourceTree = "<group>"; };
		C16D9E4225EAA488009F3ADE /* Formatters.swift */ = {isa = PBXFileReference; lastKnownFileType = sourcecode.swift; path = Formatters.swift; sourceTree = "<group>"; };
		C16D9E4525EABEA3009F3ADE /* CharacteristicGradientView.swift */ = {isa = PBXFileReference; lastKnownFileType = sourcecode.swift; path = CharacteristicGradientView.swift; sourceTree = "<group>"; };
		C16D9E4925EAC016009F3ADE /* Triangle.swift */ = {isa = PBXFileReference; lastKnownFileType = sourcecode.swift; path = Triangle.swift; sourceTree = "<group>"; };
		C16D9E4D25EAC373009F3ADE /* CharacteristicScale.swift */ = {isa = PBXFileReference; lastKnownFileType = sourcecode.swift; path = CharacteristicScale.swift; sourceTree = "<group>"; };
		C1B25D7F257D4087006E808C /* Rogalo.app */ = {isa = PBXFileReference; explicitFileType = wrapper.application; includeInIndex = 0; path = Rogalo.app; sourceTree = BUILT_PRODUCTS_DIR; };
		C1B25D82257D4087006E808C /* AppDelegate.swift */ = {isa = PBXFileReference; lastKnownFileType = sourcecode.swift; path = AppDelegate.swift; sourceTree = "<group>"; };
		C1B25D84257D4087006E808C /* SceneDelegate.swift */ = {isa = PBXFileReference; lastKnownFileType = sourcecode.swift; path = SceneDelegate.swift; sourceTree = "<group>"; };
		C1B25D86257D4087006E808C /* PeripheralListView.swift */ = {isa = PBXFileReference; lastKnownFileType = sourcecode.swift; path = PeripheralListView.swift; sourceTree = "<group>"; };
		C1B25D88257D4095006E808C /* Assets.xcassets */ = {isa = PBXFileReference; lastKnownFileType = folder.assetcatalog; path = Assets.xcassets; sourceTree = "<group>"; };
		C1B25D8E257D4095006E808C /* Base */ = {isa = PBXFileReference; lastKnownFileType = file.storyboard; name = Base; path = Base.lproj/LaunchScreen.storyboard; sourceTree = "<group>"; };
		C1B25D90257D4095006E808C /* Info.plist */ = {isa = PBXFileReference; lastKnownFileType = text.plist.xml; path = Info.plist; sourceTree = "<group>"; };
		C1B25DA0257D426A006E808C /* PairingStore.swift */ = {isa = PBXFileReference; lastKnownFileType = sourcecode.swift; path = PairingStore.swift; sourceTree = "<group>"; };
		C1B25DA9257D437C006E808C /* ContentView.swift */ = {isa = PBXFileReference; lastKnownFileType = sourcecode.swift; path = ContentView.swift; sourceTree = "<group>"; };
		C1B25DAE257D43F9006E808C /* SettingsTab.swift */ = {isa = PBXFileReference; lastKnownFileType = sourcecode.swift; path = SettingsTab.swift; sourceTree = "<group>"; };
		C1B25DB2257D48A2006E808C /* BluetoothManager.swift */ = {isa = PBXFileReference; lastKnownFileType = sourcecode.swift; path = BluetoothManager.swift; sourceTree = "<group>"; };
		C1B25DB7257D48BF006E808C /* BluetoothManaging.swift */ = {isa = PBXFileReference; lastKnownFileType = sourcecode.swift; path = BluetoothManaging.swift; sourceTree = "<group>"; };
		C1CAE7242586394700CB60E7 /* SceneCoordinator.swift */ = {isa = PBXFileReference; lastKnownFileType = sourcecode.swift; path = SceneCoordinator.swift; sourceTree = "<group>"; };
		C1CAE7282586397100CB60E7 /* SceneCoordinating.swift */ = {isa = PBXFileReference; lastKnownFileType = sourcecode.swift; path = SceneCoordinating.swift; sourceTree = "<group>"; };
		C1CAE72B25863AAC00CB60E7 /* AppCoordinating.swift */ = {isa = PBXFileReference; lastKnownFileType = sourcecode.swift; path = AppCoordinating.swift; sourceTree = "<group>"; };
		C1CAE73025863AD800CB60E7 /* AppCoordinator.swift */ = {isa = PBXFileReference; lastKnownFileType = sourcecode.swift; path = AppCoordinator.swift; sourceTree = "<group>"; };
		C1CAE73425863B1D00CB60E7 /* AppCoordinatorContaining.swift */ = {isa = PBXFileReference; lastKnownFileType = sourcecode.swift; path = AppCoordinatorContaining.swift; sourceTree = "<group>"; };
		C1CAE73925863BCB00CB60E7 /* Coordinator.swift */ = {isa = PBXFileReference; lastKnownFileType = sourcecode.swift; path = Coordinator.swift; sourceTree = "<group>"; };
		C1CAE73D25863CFA00CB60E7 /* DependencyContainer.swift */ = {isa = PBXFileReference; lastKnownFileType = sourcecode.swift; path = DependencyContainer.swift; sourceTree = "<group>"; };
		C1CAE74125863ED000CB60E7 /* ActiveSceneSession.swift */ = {isa = PBXFileReference; lastKnownFileType = sourcecode.swift; path = ActiveSceneSession.swift; sourceTree = "<group>"; };
		C1CAE7462586422E00CB60E7 /* ContentCoordinator.swift */ = {isa = PBXFileReference; lastKnownFileType = sourcecode.swift; path = ContentCoordinator.swift; sourceTree = "<group>"; };
		C1CAE74A2586424800CB60E7 /* PairingCoordinator.swift */ = {isa = PBXFileReference; lastKnownFileType = sourcecode.swift; path = PairingCoordinator.swift; sourceTree = "<group>"; };
		C1CAE74E258643AD00CB60E7 /* ViewCoordinator.swift */ = {isa = PBXFileReference; lastKnownFileType = sourcecode.swift; path = ViewCoordinator.swift; sourceTree = "<group>"; };
		C1CAE7512586440700CB60E7 /* ParentCoordinatorContaining.swift */ = {isa = PBXFileReference; lastKnownFileType = sourcecode.swift; path = ParentCoordinatorContaining.swift; sourceTree = "<group>"; };
		C1CAE754258644FD00CB60E7 /* PairingCoordinatorEventHandling.swift */ = {isa = PBXFileReference; lastKnownFileType = sourcecode.swift; path = PairingCoordinatorEventHandling.swift; sourceTree = "<group>"; };
		C1CAE7592586461300CB60E7 /* PairingNavigationView.swift */ = {isa = PBXFileReference; lastKnownFileType = sourcecode.swift; path = PairingNavigationView.swift; sourceTree = "<group>"; };
		C1CAE75D2586478800CB60E7 /* MockPairingStore.swift */ = {isa = PBXFileReference; lastKnownFileType = sourcecode.swift; path = MockPairingStore.swift; sourceTree = "<group>"; };
		C1CAE760258647B300CB60E7 /* PairingStoring.swift */ = {isa = PBXFileReference; lastKnownFileType = sourcecode.swift; path = PairingStoring.swift; sourceTree = "<group>"; };
		C1CAE76425864B4600CB60E7 /* Storage.swift */ = {isa = PBXFileReference; lastKnownFileType = sourcecode.swift; path = Storage.swift; sourceTree = "<group>"; };
		C1CAE76725864B5A00CB60E7 /* AppStorage.swift */ = {isa = PBXFileReference; lastKnownFileType = sourcecode.swift; path = AppStorage.swift; sourceTree = "<group>"; };
		C1CAE76A2586534C00CB60E7 /* ContentCoordinatorEventHandling.swift */ = {isa = PBXFileReference; lastKnownFileType = sourcecode.swift; path = ContentCoordinatorEventHandling.swift; sourceTree = "<group>"; };
		C1CAE76E258653B200CB60E7 /* ContentStore.swift */ = {isa = PBXFileReference; lastKnownFileType = sourcecode.swift; path = ContentStore.swift; sourceTree = "<group>"; };
		C1CAE771258653C800CB60E7 /* ContentStoring.swift */ = {isa = PBXFileReference; lastKnownFileType = sourcecode.swift; path = ContentStoring.swift; sourceTree = "<group>"; };
		C1CAE774258653FD00CB60E7 /* MockContentStore.swift */ = {isa = PBXFileReference; lastKnownFileType = sourcecode.swift; path = MockContentStore.swift; sourceTree = "<group>"; };
		C1CAE777258654F300CB60E7 /* ValuesStoring.swift */ = {isa = PBXFileReference; lastKnownFileType = sourcecode.swift; path = ValuesStoring.swift; sourceTree = "<group>"; };
		C1CAE77B2586562B00CB60E7 /* SettingsStoring.swift */ = {isa = PBXFileReference; lastKnownFileType = sourcecode.swift; path = SettingsStoring.swift; sourceTree = "<group>"; };
		C1CAE77E2586564A00CB60E7 /* SettingsStore.swift */ = {isa = PBXFileReference; lastKnownFileType = sourcecode.swift; path = SettingsStore.swift; sourceTree = "<group>"; };
		C1CAE7812586565E00CB60E7 /* MockSettingsStore.swift */ = {isa = PBXFileReference; lastKnownFileType = sourcecode.swift; path = MockSettingsStore.swift; sourceTree = "<group>"; };
		C1CAE7842586567D00CB60E7 /* MockValuesStore.swift */ = {isa = PBXFileReference; lastKnownFileType = sourcecode.swift; path = MockValuesStore.swift; sourceTree = "<group>"; };
		C1CAE78D2586634700CB60E7 /* DeviceManaging.swift */ = {isa = PBXFileReference; lastKnownFileType = sourcecode.swift; path = DeviceManaging.swift; sourceTree = "<group>"; };
		C1CAE7912586636300CB60E7 /* DeviceManager.swift */ = {isa = PBXFileReference; lastKnownFileType = sourcecode.swift; path = DeviceManager.swift; sourceTree = "<group>"; };
		C1F36C65258677BE002930B2 /* PairingNavigationViewEventHandling.swift */ = {isa = PBXFileReference; lastKnownFileType = sourcecode.swift; path = PairingNavigationViewEventHandling.swift; sourceTree = "<group>"; };
		C1F36C6925867BA2002930B2 /* AppError.swift */ = {isa = PBXFileReference; lastKnownFileType = sourcecode.swift; path = AppError.swift; sourceTree = "<group>"; };
		C1F36C6C258696F6002930B2 /* SettingsTabEventHandling.swift */ = {isa = PBXFileReference; lastKnownFileType = sourcecode.swift; path = SettingsTabEventHandling.swift; sourceTree = "<group>"; };
		C1F36C7025869986002930B2 /* SettingsCoordinator.swift */ = {isa = PBXFileReference; lastKnownFileType = sourcecode.swift; path = SettingsCoordinator.swift; sourceTree = "<group>"; };
		C1F36C732586999C002930B2 /* SettingsCoordinatorEventHandling.swift */ = {isa = PBXFileReference; lastKnownFileType = sourcecode.swift; path = SettingsCoordinatorEventHandling.swift; sourceTree = "<group>"; };
		C1F36C772586A1FA002930B2 /* ValuesCoordinator.swift */ = {isa = PBXFileReference; lastKnownFileType = sourcecode.swift; path = ValuesCoordinator.swift; sourceTree = "<group>"; };
		C1F36C7C2586A2BF002930B2 /* ValuesCoordinatorEventHandling.swift */ = {isa = PBXFileReference; lastKnownFileType = sourcecode.swift; path = ValuesCoordinatorEventHandling.swift; sourceTree = "<group>"; };
/* End PBXFileReference section */

/* Begin PBXFrameworksBuildPhase section */
		C1B25D7C257D4087006E808C /* Frameworks */ = {
			isa = PBXFrameworksBuildPhase;
			buildActionMask = 2147483647;
			files = (
			);
			runOnlyForDeploymentPostprocessing = 0;
		};
/* End PBXFrameworksBuildPhase section */

/* Begin PBXGroup section */
		C112C728257D7AE200B1F8A9 /* Values */ = {
			isa = PBXGroup;
			children = (
				C1F36C762586A1E6002930B2 /* Coordinator */,
				C112C72D257D7B0800B1F8A9 /* Store */,
				C112C732257D7D9200B1F8A9 /* ValuesTab.swift */,
				C112C729257D7B0100B1F8A9 /* ValuesView.swift */,
			);
			path = Values;
			sourceTree = "<group>";
		};
		C112C72D257D7B0800B1F8A9 /* Store */ = {
			isa = PBXGroup;
			children = (
				C112C72E257D7B2000B1F8A9 /* ValuesStore.swift */,
				C1CAE777258654F300CB60E7 /* ValuesStoring.swift */,
				C1CAE7842586567D00CB60E7 /* MockValuesStore.swift */,
			);
			path = Store;
			sourceTree = "<group>";
		};
		C133B2F425EA918A00F070C1 /* Views */ = {
			isa = PBXGroup;
			children = (
				C16D9E4825EAC00B009F3ADE /* Shapes */,
				C16D9E3625EA9C9A009F3ADE /* Connection */,
				C133B2F825EA91AD00F070C1 /* Characteristics */,
			);
			path = Views;
			sourceTree = "<group>";
		};
		C133B2F825EA91AD00F070C1 /* Characteristics */ = {
			isa = PBXGroup;
			children = (
				C133B2F525EA91A200F070C1 /* CharacteristicView.swift */,
				C133B2F925EA91C500F070C1 /* CharacteristicStore.swift */,
				C16D9E3325EA979C009F3ADE /* CharacteristicStoring.swift */,
				C16D9E4525EABEA3009F3ADE /* CharacteristicGradientView.swift */,
				C16D9E4D25EAC373009F3ADE /* CharacteristicScale.swift */,
			);
			path = Characteristics;
			sourceTree = "<group>";
		};
		C149F1C325EA454100F55965 /* Notifications */ = {
			isa = PBXGroup;
			children = (
				C149F1C425EA455700F55965 /* NotificationManaging.swift */,
				C149F1C825EA456E00F55965 /* NotificationManager.swift */,
				C149F1CB25EA472800F55965 /* TemperatureSignificantValues.swift */,
				C149F1D725EA51F900F55965 /* NotificationEvent.swift */,
				C149F1DA25EA531E00F55965 /* NotificationAuthorizationStatus.swift */,
			);
			path = Notifications;
			sourceTree = "<group>";
		};
		C149F1CE25EA4E8600F55965 /* Audio */ = {
			isa = PBXGroup;
			children = (
				C149F1D125EA4EF200F55965 /* 180.m4a */,
				C149F1D025EA4EF200F55965 /* 185.m4a */,
				C149F1CF25EA4EF200F55965 /* 190.m4a */,
			);
			path = Audio;
			sourceTree = "<group>";
		};
		C149F1DF25EA623300F55965 /* Records */ = {
			isa = PBXGroup;
			children = (
				C149F1E025EA625500F55965 /* Coordinator */,
				C149F1E125EA625C00F55965 /* Store */,
				C149F1E225EA627A00F55965 /* RecordsTab.swift */,
				C149F1E625EA628900F55965 /* RecordsView.swift */,
			);
			path = Records;
			sourceTree = "<group>";
		};
		C149F1E025EA625500F55965 /* Coordinator */ = {
			isa = PBXGroup;
			children = (
				C149F1E925EA62C100F55965 /* RecordsCoordinator.swift */,
				C149F1EC25EA62D400F55965 /* RecordsCoordinatorEventHandling.swift */,
			);
			path = Coordinator;
			sourceTree = "<group>";
		};
		C149F1E125EA625C00F55965 /* Store */ = {
			isa = PBXGroup;
			children = (
				C149F1EF25EA637200F55965 /* RecordsStoring.swift */,
				C149F1F325EA637D00F55965 /* RecordsStore.swift */,
				C149F1F625EA66F700F55965 /* MockRecordsStore.swift */,
			);
			path = Store;
			sourceTree = "<group>";
		};
		C155E18F257D4C2D00A845B9 /* Models */ = {
			isa = PBXGroup;
			children = (
				C155E19C257D730200A845B9 /* Device.swift */,
				C16D9E3E25EAA1B6009F3ADE /* DeviceValue.swift */,
				C112C725257D774B00B1F8A9 /* EngineCharacteristics.swift */,
				C155E190257D4C3E00A845B9 /* Peripheral.swift */,
			);
			path = Models;
			sourceTree = "<group>";
		};
		C155E197257D514400A845B9 /* DependencyInjection */ = {
			isa = PBXGroup;
			children = (
				C155E198257D515300A845B9 /* AppDependency.swift */,
			);
			path = DependencyInjection;
			sourceTree = "<group>";
		};
		C155E19F257D732300A845B9 /* Extensions */ = {
			isa = PBXGroup;
			children = (
				C155E1A0257D733E00A845B9 /* Array+Safe.swift */,
			);
			path = Extensions;
			sourceTree = "<group>";
		};
		C16D9E3625EA9C9A009F3ADE /* Connection */ = {
			isa = PBXGroup;
			children = (
				C16D9E3B25EA9CC9009F3ADE /* ConnectionStateView.swift */,
			);
			path = Connection;
			sourceTree = "<group>";
		};
		C16D9E4825EAC00B009F3ADE /* Shapes */ = {
			isa = PBXGroup;
			children = (
				C16D9E4925EAC016009F3ADE /* Triangle.swift */,
			);
			path = Shapes;
			sourceTree = "<group>";
		};
		C1B25D76257D4087006E808C = {
			isa = PBXGroup;
			children = (
				C1B25D81257D4087006E808C /* Rogalo */,
				C1B25D80257D4087006E808C /* Products */,
			);
			sourceTree = "<group>";
		};
		C1B25D80257D4087006E808C /* Products */ = {
			isa = PBXGroup;
			children = (
				C1B25D7F257D4087006E808C /* Rogalo.app */,
			);
			name = Products;
			sourceTree = "<group>";
		};
		C1B25D81257D4087006E808C /* Rogalo */ = {
			isa = PBXGroup;
			children = (
				C1B25D99257D41C7006E808C /* Application */,
				C1B25DB1257D4880006E808C /* Common */,
				C155E18F257D4C2D00A845B9 /* Models */,
				C1B25D9C257D4206006E808C /* Resources */,
				C1B25D98257D41BC006E808C /* Scene */,
				C133B2F425EA918A00F070C1 /* Views */,
			);
			path = Rogalo;
			sourceTree = "<group>";
		};
		C1B25D98257D41BC006E808C /* Scene */ = {
			isa = PBXGroup;
			children = (
				C1B25D9B257D41F8006E808C /* LaunchScreen */,
				C1B25D9D257D422A006E808C /* Pairing */,
				C149F1DF25EA623300F55965 /* Records */,
				C1B25DAD257D43DE006E808C /* Settings */,
				C1B25DA8257D435A006E808C /* Tab */,
				C112C728257D7AE200B1F8A9 /* Values */,
			);
			path = Scene;
			sourceTree = "<group>";
		};
		C1B25D99257D41C7006E808C /* Application */ = {
			isa = PBXGroup;
			children = (
				C1B25D82257D4087006E808C /* AppDelegate.swift */,
				C1B25D84257D4087006E808C /* SceneDelegate.swift */,
			);
			path = Application;
			sourceTree = "<group>";
		};
		C1B25D9B257D41F8006E808C /* LaunchScreen */ = {
			isa = PBXGroup;
			children = (
				C1B25D8D257D4095006E808C /* LaunchScreen.storyboard */,
			);
			path = LaunchScreen;
			sourceTree = "<group>";
		};
		C1B25D9C257D4206006E808C /* Resources */ = {
			isa = PBXGroup;
			children = (
				C149F1CE25EA4E8600F55965 /* Audio */,
				C1B25D88257D4095006E808C /* Assets.xcassets */,
				C1B25D90257D4095006E808C /* Info.plist */,
			);
			path = Resources;
			sourceTree = "<group>";
		};
		C1B25D9D257D422A006E808C /* Pairing */ = {
			isa = PBXGroup;
			children = (
				C1F36C64258677A2002930B2 /* Navigation */,
				C1CAE7492586423600CB60E7 /* Coordinator */,
				C1B25D9F257D424C006E808C /* Store */,
				C1B25D86257D4087006E808C /* PeripheralListView.swift */,
			);
			path = Pairing;
			sourceTree = "<group>";
		};
		C1B25D9F257D424C006E808C /* Store */ = {
			isa = PBXGroup;
			children = (
				C1B25DA0257D426A006E808C /* PairingStore.swift */,
				C155E194257D4FD600A845B9 /* PairingStoreState.swift */,
				C1CAE75D2586478800CB60E7 /* MockPairingStore.swift */,
				C1CAE760258647B300CB60E7 /* PairingStoring.swift */,
			);
			path = Store;
			sourceTree = "<group>";
		};
		C1B25DA8257D435A006E808C /* Tab */ = {
			isa = PBXGroup;
			children = (
				C1CAE76D258653A400CB60E7 /* Store */,
				C1CAE7452586421700CB60E7 /* Coordinator */,
				C1B25DA9257D437C006E808C /* ContentView.swift */,
			);
			path = Tab;
			sourceTree = "<group>";
		};
		C1B25DAD257D43DE006E808C /* Settings */ = {
			isa = PBXGroup;
			children = (
				C1F36C6F25869974002930B2 /* Coordinator */,
				C1CAE77A2586561F00CB60E7 /* Store */,
				C1B25DAE257D43F9006E808C /* SettingsTab.swift */,
				C1F36C6C258696F6002930B2 /* SettingsTabEventHandling.swift */,
			);
			path = Settings;
			sourceTree = "<group>";
		};
		C1B25DB1257D4880006E808C /* Common */ = {
			isa = PBXGroup;
			children = (
				C1CAE7232586393200CB60E7 /* Coordinators */,
				C155E197257D514400A845B9 /* DependencyInjection */,
				C155E19F257D732300A845B9 /* Extensions */,
				C1B25DB5257D48A6006E808C /* Managers */,
				C1CAE73325863AF800CB60E7 /* Protocols */,
				C1CAE74025863EC000CB60E7 /* Types */,
			);
			path = Common;
			sourceTree = "<group>";
		};
		C1B25DB5257D48A6006E808C /* Managers */ = {
			isa = PBXGroup;
			children = (
				C149F1C325EA454100F55965 /* Notifications */,
				C1CAE78C2586633200CB60E7 /* Device */,
				C1CAE76325864B2700CB60E7 /* Persistency */,
				C1B25DB6257D48AC006E808C /* Bluetooth */,
			);
			path = Managers;
			sourceTree = "<group>";
		};
		C1B25DB6257D48AC006E808C /* Bluetooth */ = {
			isa = PBXGroup;
			children = (
				C1B25DB2257D48A2006E808C /* BluetoothManager.swift */,
				C1B25DB7257D48BF006E808C /* BluetoothManaging.swift */,
			);
			path = Bluetooth;
			sourceTree = "<group>";
		};
		C1CAE7232586393200CB60E7 /* Coordinators */ = {
			isa = PBXGroup;
			children = (
				C1CAE7242586394700CB60E7 /* SceneCoordinator.swift */,
				C1CAE73025863AD800CB60E7 /* AppCoordinator.swift */,
			);
			path = Coordinators;
			sourceTree = "<group>";
		};
		C1CAE73325863AF800CB60E7 /* Protocols */ = {
			isa = PBXGroup;
			children = (
				C1CAE73C25863CCF00CB60E7 /* DependencyInjection */,
				C1CAE73825863BB200CB60E7 /* Coordinators */,
			);
			path = Protocols;
			sourceTree = "<group>";
		};
		C1CAE73825863BB200CB60E7 /* Coordinators */ = {
			isa = PBXGroup;
			children = (
				C1CAE7282586397100CB60E7 /* SceneCoordinating.swift */,
				C1CAE72B25863AAC00CB60E7 /* AppCoordinating.swift */,
				C1CAE73425863B1D00CB60E7 /* AppCoordinatorContaining.swift */,
				C1CAE73925863BCB00CB60E7 /* Coordinator.swift */,
				C1CAE74E258643AD00CB60E7 /* ViewCoordinator.swift */,
				C1CAE7512586440700CB60E7 /* ParentCoordinatorContaining.swift */,
			);
			path = Coordinators;
			sourceTree = "<group>";
		};
		C1CAE73C25863CCF00CB60E7 /* DependencyInjection */ = {
			isa = PBXGroup;
			children = (
				C1CAE73D25863CFA00CB60E7 /* DependencyContainer.swift */,
			);
			path = DependencyInjection;
			sourceTree = "<group>";
		};
		C1CAE74025863EC000CB60E7 /* Types */ = {
			isa = PBXGroup;
			children = (
				C1CAE74125863ED000CB60E7 /* ActiveSceneSession.swift */,
				C1F36C6925867BA2002930B2 /* AppError.swift */,
				C16D9E4225EAA488009F3ADE /* Formatters.swift */,
			);
			path = Types;
			sourceTree = "<group>";
		};
		C1CAE7452586421700CB60E7 /* Coordinator */ = {
			isa = PBXGroup;
			children = (
				C1CAE7462586422E00CB60E7 /* ContentCoordinator.swift */,
				C1CAE76A2586534C00CB60E7 /* ContentCoordinatorEventHandling.swift */,
			);
			path = Coordinator;
			sourceTree = "<group>";
		};
		C1CAE7492586423600CB60E7 /* Coordinator */ = {
			isa = PBXGroup;
			children = (
				C1CAE74A2586424800CB60E7 /* PairingCoordinator.swift */,
				C1CAE754258644FD00CB60E7 /* PairingCoordinatorEventHandling.swift */,
			);
			path = Coordinator;
			sourceTree = "<group>";
		};
		C1CAE76325864B2700CB60E7 /* Persistency */ = {
			isa = PBXGroup;
			children = (
				C1CAE76425864B4600CB60E7 /* Storage.swift */,
				C1CAE76725864B5A00CB60E7 /* AppStorage.swift */,
			);
			path = Persistency;
			sourceTree = "<group>";
		};
		C1CAE76D258653A400CB60E7 /* Store */ = {
			isa = PBXGroup;
			children = (
				C1CAE76E258653B200CB60E7 /* ContentStore.swift */,
				C1CAE771258653C800CB60E7 /* ContentStoring.swift */,
				C1CAE774258653FD00CB60E7 /* MockContentStore.swift */,
			);
			path = Store;
			sourceTree = "<group>";
		};
		C1CAE77A2586561F00CB60E7 /* Store */ = {
			isa = PBXGroup;
			children = (
				C1CAE77B2586562B00CB60E7 /* SettingsStoring.swift */,
				C1CAE77E2586564A00CB60E7 /* SettingsStore.swift */,
				C1CAE7812586565E00CB60E7 /* MockSettingsStore.swift */,
			);
			path = Store;
			sourceTree = "<group>";
		};
		C1CAE78C2586633200CB60E7 /* Device */ = {
			isa = PBXGroup;
			children = (
				C1CAE78D2586634700CB60E7 /* DeviceManaging.swift */,
				C1CAE7912586636300CB60E7 /* DeviceManager.swift */,
			);
			path = Device;
			sourceTree = "<group>";
		};
		C1F36C64258677A2002930B2 /* Navigation */ = {
			isa = PBXGroup;
			children = (
				C1CAE7592586461300CB60E7 /* PairingNavigationView.swift */,
				C1F36C65258677BE002930B2 /* PairingNavigationViewEventHandling.swift */,
			);
			path = Navigation;
			sourceTree = "<group>";
		};
		C1F36C6F25869974002930B2 /* Coordinator */ = {
			isa = PBXGroup;
			children = (
				C1F36C7025869986002930B2 /* SettingsCoordinator.swift */,
				C1F36C732586999C002930B2 /* SettingsCoordinatorEventHandling.swift */,
			);
			path = Coordinator;
			sourceTree = "<group>";
		};
		C1F36C762586A1E6002930B2 /* Coordinator */ = {
			isa = PBXGroup;
			children = (
				C1F36C772586A1FA002930B2 /* ValuesCoordinator.swift */,
				C1F36C7C2586A2BF002930B2 /* ValuesCoordinatorEventHandling.swift */,
			);
			path = Coordinator;
			sourceTree = "<group>";
		};
/* End PBXGroup section */

/* Begin PBXNativeTarget section */
		C1B25D7E257D4087006E808C /* Rogalo */ = {
			isa = PBXNativeTarget;
			buildConfigurationList = C1B25D93257D4095006E808C /* Build configuration list for PBXNativeTarget "Rogalo" */;
			buildPhases = (
				C1B25D7B257D4087006E808C /* Sources */,
				C1B25D7C257D4087006E808C /* Frameworks */,
				C1B25D7D257D4087006E808C /* Resources */,
			);
			buildRules = (
			);
			dependencies = (
			);
			name = Rogalo;
			productName = Rogalo;
			productReference = C1B25D7F257D4087006E808C /* Rogalo.app */;
			productType = "com.apple.product-type.application";
		};
/* End PBXNativeTarget section */

/* Begin PBXProject section */
		C1B25D77257D4087006E808C /* Project object */ = {
			isa = PBXProject;
			attributes = {
				LastSwiftUpdateCheck = 1220;
				LastUpgradeCheck = 1220;
				TargetAttributes = {
					C1B25D7E257D4087006E808C = {
						CreatedOnToolsVersion = 12.2;
					};
				};
			};
			buildConfigurationList = C1B25D7A257D4087006E808C /* Build configuration list for PBXProject "Rogalo" */;
			compatibilityVersion = "Xcode 9.3";
			developmentRegion = en;
			hasScannedForEncodings = 0;
			knownRegions = (
				en,
				Base,
			);
			mainGroup = C1B25D76257D4087006E808C;
			productRefGroup = C1B25D80257D4087006E808C /* Products */;
			projectDirPath = "";
			projectRoot = "";
			targets = (
				C1B25D7E257D4087006E808C /* Rogalo */,
			);
		};
/* End PBXProject section */

/* Begin PBXResourcesBuildPhase section */
		C1B25D7D257D4087006E808C /* Resources */ = {
			isa = PBXResourcesBuildPhase;
			buildActionMask = 2147483647;
			files = (
				C149F1D425EA4EF200F55965 /* 180.m4a in Resources */,
				C149F1D225EA4EF200F55965 /* 190.m4a in Resources */,
				C1B25D8F257D4095006E808C /* LaunchScreen.storyboard in Resources */,
				C1B25D89257D4095006E808C /* Assets.xcassets in Resources */,
				C149F1D325EA4EF200F55965 /* 185.m4a in Resources */,
			);
			runOnlyForDeploymentPostprocessing = 0;
		};
/* End PBXResourcesBuildPhase section */

/* Begin PBXSourcesBuildPhase section */
		C1B25D7B257D4087006E808C /* Sources */ = {
			isa = PBXSourcesBuildPhase;
			buildActionMask = 2147483647;
			files = (
				C1CAE7522586440700CB60E7 /* ParentCoordinatorContaining.swift in Sources */,
				C155E199257D515300A845B9 /* AppDependency.swift in Sources */,
				C16D9E4A25EAC016009F3ADE /* Triangle.swift in Sources */,
				C1CAE76B2586534C00CB60E7 /* ContentCoordinatorEventHandling.swift in Sources */,
				C1F36C6D258696F6002930B2 /* SettingsTabEventHandling.swift in Sources */,
				C149F1DB25EA531E00F55965 /* NotificationAuthorizationStatus.swift in Sources */,
				C149F1EA25EA62C100F55965 /* RecordsCoordinator.swift in Sources */,
				C112C733257D7D9200B1F8A9 /* ValuesTab.swift in Sources */,
				C1CAE74225863ED000CB60E7 /* ActiveSceneSession.swift in Sources */,
				C1CAE761258647B300CB60E7 /* PairingStoring.swift in Sources */,
				C16D9E3F25EAA1B6009F3ADE /* DeviceValue.swift in Sources */,
				C1CAE73525863B1D00CB60E7 /* AppCoordinatorContaining.swift in Sources */,
				C149F1ED25EA62D400F55965 /* RecordsCoordinatorEventHandling.swift in Sources */,
				C1CAE7922586636300CB60E7 /* DeviceManager.swift in Sources */,
				C149F1F425EA637D00F55965 /* RecordsStore.swift in Sources */,
				C1F36C7D2586A2BF002930B2 /* ValuesCoordinatorEventHandling.swift in Sources */,
				C112C72A257D7B0100B1F8A9 /* ValuesView.swift in Sources */,
				C1B25DAA257D437C006E808C /* ContentView.swift in Sources */,
				C1CAE77C2586562B00CB60E7 /* SettingsStoring.swift in Sources */,
				C1CAE77F2586564A00CB60E7 /* SettingsStore.swift in Sources */,
				C155E191257D4C3E00A845B9 /* Peripheral.swift in Sources */,
				C1B25D83257D4087006E808C /* AppDelegate.swift in Sources */,
				C1CAE73125863AD800CB60E7 /* AppCoordinator.swift in Sources */,
				C16D9E4325EAA488009F3ADE /* Formatters.swift in Sources */,
				C16D9E3425EA979C009F3ADE /* CharacteristicStoring.swift in Sources */,
				C1CAE7822586565E00CB60E7 /* MockSettingsStore.swift in Sources */,
				C1CAE72C25863AAC00CB60E7 /* AppCoordinating.swift in Sources */,
				C16D9E4625EABEA3009F3ADE /* CharacteristicGradientView.swift in Sources */,
				C155E1A1257D733E00A845B9 /* Array+Safe.swift in Sources */,
				C1B25DB8257D48BF006E808C /* BluetoothManaging.swift in Sources */,
				C1F36C66258677BE002930B2 /* PairingNavigationViewEventHandling.swift in Sources */,
				C1F36C6A25867BA2002930B2 /* AppError.swift in Sources */,
				C1B25DA1257D426A006E808C /* PairingStore.swift in Sources */,
				C1CAE775258653FD00CB60E7 /* MockContentStore.swift in Sources */,
				C1CAE76525864B4600CB60E7 /* Storage.swift in Sources */,
				C149F1CC25EA472800F55965 /* TemperatureSignificantValues.swift in Sources */,
				C1F36C7125869986002930B2 /* SettingsCoordinator.swift in Sources */,
				C149F1D825EA51F900F55965 /* NotificationEvent.swift in Sources */,
				C1CAE76F258653B200CB60E7 /* ContentStore.swift in Sources */,
				C149F1E325EA627A00F55965 /* RecordsTab.swift in Sources */,
				C1CAE7252586394700CB60E7 /* SceneCoordinator.swift in Sources */,
				C1B25DB3257D48A2006E808C /* BluetoothManager.swift in Sources */,
				C155E19D257D730200A845B9 /* Device.swift in Sources */,
				C155E195257D4FD600A845B9 /* PairingStoreState.swift in Sources */,
				C149F1C525EA455700F55965 /* NotificationManaging.swift in Sources */,
				C1CAE75E2586478800CB60E7 /* MockPairingStore.swift in Sources */,
				C1CAE74F258643AD00CB60E7 /* ViewCoordinator.swift in Sources */,
				C1B25DAF257D43F9006E808C /* SettingsTab.swift in Sources */,
				C1CAE7852586567D00CB60E7 /* MockValuesStore.swift in Sources */,
				C149F1F025EA637200F55965 /* RecordsStoring.swift in Sources */,
				C133B2F625EA91A200F070C1 /* CharacteristicView.swift in Sources */,
				C149F1C925EA456E00F55965 /* NotificationManager.swift in Sources */,
				C1CAE73A25863BCB00CB60E7 /* Coordinator.swift in Sources */,
				C16D9E4E25EAC373009F3ADE /* CharacteristicScale.swift in Sources */,
				C16D9E3C25EA9CC9009F3ADE /* ConnectionStateView.swift in Sources */,
				C1CAE78E2586634700CB60E7 /* DeviceManaging.swift in Sources */,
				C1CAE76825864B5A00CB60E7 /* AppStorage.swift in Sources */,
				C1CAE74B2586424800CB60E7 /* PairingCoordinator.swift in Sources */,
				C1CAE7292586397100CB60E7 /* SceneCoordinating.swift in Sources */,
				C1B25D85257D4087006E808C /* SceneDelegate.swift in Sources */,
				C1CAE75A2586461300CB60E7 /* PairingNavigationView.swift in Sources */,
				C112C726257D774B00B1F8A9 /* EngineCharacteristics.swift in Sources */,
				C1CAE772258653C800CB60E7 /* ContentStoring.swift in Sources */,
				C1CAE778258654F300CB60E7 /* ValuesStoring.swift in Sources */,
				C1F36C782586A1FA002930B2 /* ValuesCoordinator.swift in Sources */,
				C149F1F725EA66F700F55965 /* MockRecordsStore.swift in Sources */,
				C1CAE7472586422E00CB60E7 /* ContentCoordinator.swift in Sources */,
				C1B25D87257D4087006E808C /* PeripheralListView.swift in Sources */,
				C1F36C742586999C002930B2 /* SettingsCoordinatorEventHandling.swift in Sources */,
				C1CAE755258644FD00CB60E7 /* PairingCoordinatorEventHandling.swift in Sources */,
				C133B2FA25EA91C500F070C1 /* CharacteristicStore.swift in Sources */,
				C149F1E725EA628900F55965 /* RecordsView.swift in Sources */,
				C1CAE73E25863CFA00CB60E7 /* DependencyContainer.swift in Sources */,
				C112C72F257D7B2000B1F8A9 /* ValuesStore.swift in Sources */,
			);
			runOnlyForDeploymentPostprocessing = 0;
		};
/* End PBXSourcesBuildPhase section */

/* Begin PBXVariantGroup section */
		C1B25D8D257D4095006E808C /* LaunchScreen.storyboard */ = {
			isa = PBXVariantGroup;
			children = (
				C1B25D8E257D4095006E808C /* Base */,
			);
			name = LaunchScreen.storyboard;
			sourceTree = "<group>";
		};
/* End PBXVariantGroup section */

/* Begin XCBuildConfiguration section */
		C1B25D91257D4095006E808C /* Debug */ = {
			isa = XCBuildConfiguration;
			buildSettings = {
				ALWAYS_SEARCH_USER_PATHS = NO;
				CLANG_ANALYZER_NONNULL = YES;
				CLANG_ANALYZER_NUMBER_OBJECT_CONVERSION = YES_AGGRESSIVE;
				CLANG_CXX_LANGUAGE_STANDARD = "gnu++14";
				CLANG_CXX_LIBRARY = "libc++";
				CLANG_ENABLE_MODULES = YES;
				CLANG_ENABLE_OBJC_ARC = YES;
				CLANG_ENABLE_OBJC_WEAK = YES;
				CLANG_WARN_BLOCK_CAPTURE_AUTORELEASING = YES;
				CLANG_WARN_BOOL_CONVERSION = YES;
				CLANG_WARN_COMMA = YES;
				CLANG_WARN_CONSTANT_CONVERSION = YES;
				CLANG_WARN_DEPRECATED_OBJC_IMPLEMENTATIONS = YES;
				CLANG_WARN_DIRECT_OBJC_ISA_USAGE = YES_ERROR;
				CLANG_WARN_DOCUMENTATION_COMMENTS = YES;
				CLANG_WARN_EMPTY_BODY = YES;
				CLANG_WARN_ENUM_CONVERSION = YES;
				CLANG_WARN_INFINITE_RECURSION = YES;
				CLANG_WARN_INT_CONVERSION = YES;
				CLANG_WARN_NON_LITERAL_NULL_CONVERSION = YES;
				CLANG_WARN_OBJC_IMPLICIT_RETAIN_SELF = YES;
				CLANG_WARN_OBJC_LITERAL_CONVERSION = YES;
				CLANG_WARN_OBJC_ROOT_CLASS = YES_ERROR;
				CLANG_WARN_QUOTED_INCLUDE_IN_FRAMEWORK_HEADER = YES;
				CLANG_WARN_RANGE_LOOP_ANALYSIS = YES;
				CLANG_WARN_STRICT_PROTOTYPES = YES;
				CLANG_WARN_SUSPICIOUS_MOVE = YES;
				CLANG_WARN_UNGUARDED_AVAILABILITY = YES_AGGRESSIVE;
				CLANG_WARN_UNREACHABLE_CODE = YES;
				CLANG_WARN__DUPLICATE_METHOD_MATCH = YES;
				COPY_PHASE_STRIP = NO;
				DEBUG_INFORMATION_FORMAT = dwarf;
				ENABLE_STRICT_OBJC_MSGSEND = YES;
				ENABLE_TESTABILITY = YES;
				GCC_C_LANGUAGE_STANDARD = gnu11;
				GCC_DYNAMIC_NO_PIC = NO;
				GCC_NO_COMMON_BLOCKS = YES;
				GCC_OPTIMIZATION_LEVEL = 0;
				GCC_PREPROCESSOR_DEFINITIONS = (
					"DEBUG=1",
					"$(inherited)",
				);
				GCC_WARN_64_TO_32_BIT_CONVERSION = YES;
				GCC_WARN_ABOUT_RETURN_TYPE = YES_ERROR;
				GCC_WARN_UNDECLARED_SELECTOR = YES;
				GCC_WARN_UNINITIALIZED_AUTOS = YES_AGGRESSIVE;
				GCC_WARN_UNUSED_FUNCTION = YES;
				GCC_WARN_UNUSED_VARIABLE = YES;
				IPHONEOS_DEPLOYMENT_TARGET = 13.0;
				MTL_ENABLE_DEBUG_INFO = INCLUDE_SOURCE;
				MTL_FAST_MATH = YES;
				ONLY_ACTIVE_ARCH = YES;
				SDKROOT = iphoneos;
				SWIFT_ACTIVE_COMPILATION_CONDITIONS = DEBUG;
				SWIFT_OPTIMIZATION_LEVEL = "-Onone";
			};
			name = Debug;
		};
		C1B25D92257D4095006E808C /* Release */ = {
			isa = XCBuildConfiguration;
			buildSettings = {
				ALWAYS_SEARCH_USER_PATHS = NO;
				CLANG_ANALYZER_NONNULL = YES;
				CLANG_ANALYZER_NUMBER_OBJECT_CONVERSION = YES_AGGRESSIVE;
				CLANG_CXX_LANGUAGE_STANDARD = "gnu++14";
				CLANG_CXX_LIBRARY = "libc++";
				CLANG_ENABLE_MODULES = YES;
				CLANG_ENABLE_OBJC_ARC = YES;
				CLANG_ENABLE_OBJC_WEAK = YES;
				CLANG_WARN_BLOCK_CAPTURE_AUTORELEASING = YES;
				CLANG_WARN_BOOL_CONVERSION = YES;
				CLANG_WARN_COMMA = YES;
				CLANG_WARN_CONSTANT_CONVERSION = YES;
				CLANG_WARN_DEPRECATED_OBJC_IMPLEMENTATIONS = YES;
				CLANG_WARN_DIRECT_OBJC_ISA_USAGE = YES_ERROR;
				CLANG_WARN_DOCUMENTATION_COMMENTS = YES;
				CLANG_WARN_EMPTY_BODY = YES;
				CLANG_WARN_ENUM_CONVERSION = YES;
				CLANG_WARN_INFINITE_RECURSION = YES;
				CLANG_WARN_INT_CONVERSION = YES;
				CLANG_WARN_NON_LITERAL_NULL_CONVERSION = YES;
				CLANG_WARN_OBJC_IMPLICIT_RETAIN_SELF = YES;
				CLANG_WARN_OBJC_LITERAL_CONVERSION = YES;
				CLANG_WARN_OBJC_ROOT_CLASS = YES_ERROR;
				CLANG_WARN_QUOTED_INCLUDE_IN_FRAMEWORK_HEADER = YES;
				CLANG_WARN_RANGE_LOOP_ANALYSIS = YES;
				CLANG_WARN_STRICT_PROTOTYPES = YES;
				CLANG_WARN_SUSPICIOUS_MOVE = YES;
				CLANG_WARN_UNGUARDED_AVAILABILITY = YES_AGGRESSIVE;
				CLANG_WARN_UNREACHABLE_CODE = YES;
				CLANG_WARN__DUPLICATE_METHOD_MATCH = YES;
				COPY_PHASE_STRIP = NO;
				DEBUG_INFORMATION_FORMAT = "dwarf-with-dsym";
				ENABLE_NS_ASSERTIONS = NO;
				ENABLE_STRICT_OBJC_MSGSEND = YES;
				GCC_C_LANGUAGE_STANDARD = gnu11;
				GCC_NO_COMMON_BLOCKS = YES;
				GCC_WARN_64_TO_32_BIT_CONVERSION = YES;
				GCC_WARN_ABOUT_RETURN_TYPE = YES_ERROR;
				GCC_WARN_UNDECLARED_SELECTOR = YES;
				GCC_WARN_UNINITIALIZED_AUTOS = YES_AGGRESSIVE;
				GCC_WARN_UNUSED_FUNCTION = YES;
				GCC_WARN_UNUSED_VARIABLE = YES;
				IPHONEOS_DEPLOYMENT_TARGET = 13.0;
				MTL_ENABLE_DEBUG_INFO = NO;
				MTL_FAST_MATH = YES;
				SDKROOT = iphoneos;
				SWIFT_COMPILATION_MODE = wholemodule;
				SWIFT_OPTIMIZATION_LEVEL = "-O";
				VALIDATE_PRODUCT = YES;
			};
			name = Release;
		};
		C1B25D94257D4095006E808C /* Debug */ = {
			isa = XCBuildConfiguration;
			buildSettings = {
				ASSETCATALOG_COMPILER_APPICON_NAME = AppIcon;
				ASSETCATALOG_COMPILER_GLOBAL_ACCENT_COLOR_NAME = AccentColor;
				CODE_SIGN_STYLE = Automatic;
				DEVELOPMENT_TEAM = D6532TRNCE;
				ENABLE_PREVIEWS = YES;
				INFOPLIST_FILE = Rogalo/Resources/Info.plist;
				LD_RUNPATH_SEARCH_PATHS = (
					"$(inherited)",
					"@executable_path/Frameworks",
				);
				PRODUCT_BUNDLE_IDENTIFIER = enterprise.com.strv.test.rogalo.Rogalo;
				PRODUCT_NAME = "$(TARGET_NAME)";
				SWIFT_VERSION = 5.0;
				TARGETED_DEVICE_FAMILY = "1,2";
			};
			name = Debug;
		};
		C1B25D95257D4095006E808C /* Release */ = {
			isa = XCBuildConfiguration;
			buildSettings = {
				ASSETCATALOG_COMPILER_APPICON_NAME = AppIcon;
				ASSETCATALOG_COMPILER_GLOBAL_ACCENT_COLOR_NAME = AccentColor;
				CODE_SIGN_STYLE = Automatic;
				DEVELOPMENT_TEAM = D6532TRNCE;
				ENABLE_PREVIEWS = YES;
				INFOPLIST_FILE = Rogalo/Resources/Info.plist;
				LD_RUNPATH_SEARCH_PATHS = (
					"$(inherited)",
					"@executable_path/Frameworks",
				);
				PRODUCT_BUNDLE_IDENTIFIER = enterprise.com.strv.test.rogalo.Rogalo;
				PRODUCT_NAME = "$(TARGET_NAME)";
				SWIFT_VERSION = 5.0;
				TARGETED_DEVICE_FAMILY = "1,2";
			};
			name = Release;
		};
/* End XCBuildConfiguration section */

/* Begin XCConfigurationList section */
		C1B25D7A257D4087006E808C /* Build configuration list for PBXProject "Rogalo" */ = {
			isa = XCConfigurationList;
			buildConfigurations = (
				C1B25D91257D4095006E808C /* Debug */,
				C1B25D92257D4095006E808C /* Release */,
			);
			defaultConfigurationIsVisible = 0;
			defaultConfigurationName = Release;
		};
		C1B25D93257D4095006E808C /* Build configuration list for PBXNativeTarget "Rogalo" */ = {
			isa = XCConfigurationList;
			buildConfigurations = (
				C1B25D94257D4095006E808C /* Debug */,
				C1B25D95257D4095006E808C /* Release */,
			);
			defaultConfigurationIsVisible = 0;
			defaultConfigurationName = Release;
		};
/* End XCConfigurationList section */
	};
	rootObject = C1B25D77257D4087006E808C /* Project object */;
}
